github.com/gohugoio/hugo-mod-bootstrap-scss/v5 v5.20300.20200 h1:SmpwwN3DNzJWbV+IT8gaFu07ENUFpCvKou5BHYUKuVs=
github.com/gohugoio/hugo-mod-bootstrap-scss/v5 v5.20300.20200/go.mod h1:kx8MBj9T7SFR8ZClWvKZPmmUxBaltkoXvnWlZZcSnYA=
github.com/gohugoio/hugo-mod-jslibs-dist/popperjs/v2 v2.21100.20000/go.mod h1:mFberT6ZtcchrsDtfvJM7aAH2bDKLdOnruUHl0hlapI=
github.com/hbstack/announcement-bar v0.4.1 h1:DeyC9hBFCKdZVMyRa9pj3X6MsOiVTVc8X1vmLMVy0Kg=
github.com/hbstack/announcement-bar v0.4.1/go.mod h1:TTSTE34jtsCJ3GDECylEyS5ljexJY8eIwhDhKmDFCkg=
github.com/hbstack/back-to-top v0.1.2 h1:eQ05oJjjl6ByFMKjuSCYJDLl5i5DCRyUt7Z5EdsxzIU=
github.com/hbstack/back-to-top v0.1.2/go.mod h1:/Hc4gkEbdaNLSd5j7jjYsvjl39UBX0bTO5/g4ltNfR0=
github.com/hbstack/base v0.2.1 h1:u3lkO9MhjA6HomkJ6hzt0R7sA0u330bo6lbxVrF1FiI=
github.com/hbstack/base v0.2.1/go.mod h1:6SqazoH3UBSuwSHV1kyEDWcIJg+Cef++w8p45VSsSHQ=
github.com/hbstack/base v0.2.2/go.mod h1:hBRf/kdIQnd7iEhBxr6A+jMwwgJC76MbiAin1eUdHkQ=
github.com/hbstack/base v0.3.0/go.mod h1:8ZSFDZyhtd26eNdVF7QyPqmxRg2rCJFxjN1I2iYu5N8=
github.com/hbstack/bigger-picture v0.9.2 h1:JTvg77xSkUBvz0TAX/eVDllFYAxpiCECxwX14H52kxc=
github.com/hbstack/bigger-picture v0.9.2/go.mod h1:CficQfdxEJx1U/5JOUOSgAqkH40XxdnSRcvLzsyHMl8=
github.com/hbstack/blog/modules/breadcrumb v0.1.16 h1:QpGFMv0xgE07Ow3qa2wW4Gv59FvhfgzYQxutIPNsUAc=
github.com/hbstack/blog/modules/breadcrumb v0.1.16/go.mod h1:IDJYZB2NaalO9aOFt06WZROsA96Mo9L7pUIG3trBt0I=
github.com/hbstack/blog/modules/breadcrumb v0.1.17/go.mod h1:LVnjsdno11DPcJoWH3xnhrHReeiX5zP+vJRoFo+DmDQ=
github.com/hbstack/blog/modules/breadcrumb v0.1.18/go.mod h1:XSyz077RIZLjgPf88hn+vi/6k18aO8Nklzye4ipwaro=
github.com/hbstack/blog/modules/breadcrumb v0.1.19/go.mod h1:A006/NK+6qiL/2lQ42CA9rVw00St28G2tGCQOIFJSqA=
github.com/hbstack/blog/modules/breadcrumb v0.1.21/go.mod h1:L+7V8+yWEesEMt5olaCqUHK/AJvJxJTrZxBpIgUoDnM=
github.com/hbstack/blog/modules/content-panel v0.1.15 h1:8tvqHXmJjTCLyddMk9qPr8J3bLAs5GgYqvvqHjN7864=
github.com/hbstack/blog/modules/content-panel v0.1.15/go.mod h1:37Rt6RXyK7nvbcVvgZzWVoUALx0dN6rVzNi7E5kvXck=
github.com/hbstack/blog/modules/content-panel v0.1.16/go.mod h1:+zozaA+Az0pUO6o1jEcNNjnL293o2f1G+XElC2nQgwU=
github.com/hbstack/blog/modules/content-panel v0.1.18/go.mod h1:k1j6k74zWYw0cdYYTs8QXBWBV6z0Jc3u4GBKqavzkas=
github.com/hbstack/blog/modules/content-panel v0.1.20/go.mod h1:ntr/0KwBPqPdqgjcgUUvYHAoBkTFEOIQ4a3zc41upRc=
github.com/hbstack/blog/modules/featured-image v0.2.15 h1:m1Cd3M+fzH3OzDpRmKb3AranO07anqDlgJIr9vtZGIc=
github.com/hbstack/blog/modules/featured-image v0.2.15/go.mod h1:QbmzFB1iHL5SWsHso/7ei89QbOPdBzHxk5AmVs3Iow8=
github.com/hbstack/blog/modules/featured-image v0.2.16/go.mod h1:Ql5kmCXH51q7cRmKwVs4x4zn4kOAd02GeTwQC9FaMoU=
github.com/hbstack/blog/modules/featured-image v0.2.18/go.mod h1:7xorHxzuSnSO9N1T+sxTZhTr6Lt+V8h6mEmNasG1bmo=
github.com/hbstack/blog/modules/featured-image v0.2.20/go.mod h1:OJ8Y29wUJEI4aCLtD/xy7bBzCkJiHmkBVz/l2hvmAww=
github.com/hbstack/blog/modules/giscus v0.1.17 h1:3NimjlmZ2kFpw7fNcPtmeL8jqTkeuVbhe8xNUTdcVVU=
github.com/hbstack/blog/modules/giscus v0.1.17/go.mod h1:xY7UBKskg2etEzxyR8auCn93A8ish5OTxOtGIxrzCUw=
github.com/hbstack/blog/modules/giscus v0.1.18/go.mod h1:d4RWuHkMr7/xGeo+V3aheE/kAOVjcUF/PJTh2cMZQUI=
github.com/hbstack/blog/modules/giscus v0.1.20/go.mod h1:wFSsz//dY4vg8U+w+Z2naQTZveiL9nXA/Ez05FXVx/A=
github.com/hbstack/blog/modules/giscus v0.1.22/go.mod h1:RLTowItJ5mTFxLgQnx6wIvK3lQQcXx9tphXwe1IHtYQ=
github.com/hbstack/blog/modules/heading-sign v0.1.17 h1:OHWkooDomjqkVRkgwMgj64Y/DKpTItfg4tIKf/3EEzI=
github.com/hbstack/blog/modules/heading-sign v0.1.17/go.mod h1:O7fC6ln+vfQ+xpTP+jjH3axqN8HkP/NFyT0xCTBTF+8=
github.com/hbstack/blog/modules/heading-sign v0.1.18/go.mod h1:8VvVQC5HXt4eDJg/KsAu+H6kAEV21xthXcn98NSDKpM=
github.com/hbstack/blog/modules/heading-sign v0.1.20/go.mod h1:P2daipU5Zl95PqHpFzAPq6/2hoG7V4GlaDtpHBBmtWU=
github.com/hbstack/blog/modules/heading-sign v0.1.22/go.mod h1:5JzFPz1b2iFKcFLGkWdsE6GWPPpThc5jCuN2onr8UgE=
github.com/hbstack/blog/modules/post-nav v0.2.14 h1:YaTSQGlfcM2m2T9yRuU7b/rhFKHt6RX8TuKNfdnwND8=
github.com/hbstack/blog/modules/post-nav v0.2.14/go.mod h1:qdavGlLCaDcFfWTqVV23w4+XU7xC53xtGm4tajQv27g=
github.com/hbstack/blog/modules/post-nav v0.2.15/go.mod h1:d06kyy89kkf8D9gj350+cNOLhcmhn4VbGDkX4QgjWl8=
github.com/hbstack/blog/modules/post-nav v0.3.1/go.mod h1:xR3YFqdXSbEyL6w31UC7EbfY9sY7Wcu56D2oDIxVxi8=
github.com/hbstack/blog/modules/post-nav v0.3.3/go.mod h1:gbjBCf92bjEwfnZVNh3pj21o+MYx2pPgNj2SvKSkinA=
github.com/hbstack/blog/modules/related-posts v0.1.16 h1:BoBE7ep3T1OKe8sOOXECrhnoAnRZ0CJ66EsRL0dTMug=
github.com/hbstack/blog/modules/related-posts v0.1.16/go.mod h1:e+FQvL55bomTZbnnv8QgONoB9JJfX7LWB9VMaIgVwoc=
github.com/hbstack/blog/modules/related-posts v0.1.17/go.mod h1:ZCopBSvf9MBz+2cCvkIToVGJYIq6DF+6Ppu1M7nURpk=
github.com/hbstack/blog/modules/related-posts v0.2.1/go.mod h1:AMUnUU8fmRqXvi+/iGcA7WNGlG5DQNBKRNOGjuqtM6w=
github.com/hbstack/blog/modules/related-posts v0.2.3/go.mod h1:y5bp1zWsMM9hqCIMcs97vqdq6cvFVSXL47C0ubIl0Hk=
github.com/hbstack/blog/modules/sidebar/posts v0.4.1 h1:Rm2XsOcrZawAGStGd+M3TqxsjInTjKMtlGfVAQY1ARA=
github.com/hbstack/blog/modules/sidebar/posts v0.4.1/go.mod h1:M8CMgswKKdXCSj8T3Jpm8YCmu3TMKjo8tyCokkvknvI=
github.com/hbstack/blog/modules/sidebar/posts v0.4.2/go.mod h1:AAx+h1z2S0a2+ujP0IFAwIizRxTPEt3M5EFSGVVgDlA=
github.com/hbstack/blog/modules/sidebar/posts v0.5.1/go.mod h1:91ajNkYdnXm0R7e+HoRnrMd4NY+4tWrMHw8CJPphtac=
github.com/hbstack/blog/modules/sidebar/posts v0.5.3/go.mod h1:74Q5GqPX7585+9WbgvedFXX2gG8A44trOr7rroOxLGc=
github.com/hbstack/blog/modules/sidebar/taxonomies v0.3.7 h1:pmxuL3dj97HFQVurNRH4bOxPJwEBxz/zWMWIF6dPdA8=
github.com/hbstack/blog/modules/sidebar/taxonomies v0.3.7/go.mod h1:yOkIT/T8hgNTOFf2ayXLJRzeKmijQV7vyYqHMLzVla4=
github.com/hbstack/blog/modules/sidebar/taxonomies v0.3.8/go.mod h1:Aar45g+OQ2dURIZoZdhWM1ND0fdE+aypMxrii4xtQIA=
github.com/hbstack/blog/modules/sidebar/taxonomies v0.3.10/go.mod h1:WOzLjjV0XP5zoEbrkxbTNleTcJoYT/rvDksj2/HTnAw=
github.com/hbstack/blog/modules/sidebar/taxonomies v0.3.12/go.mod h1:onZIjbiYFHSjOOvShHX+NzrCx9KDyrv/cOYtpvH8ppU=
github.com/hbstack/blog/modules/toc-scrollspy v0.1.14 h1:onY9rMuYc6FcLU8UV2LqbInfVPioLAtiFDhUX6TwMOI=
github.com/hbstack/blog/modules/toc-scrollspy v0.1.14/go.mod h1:PUbx1vwXBWQNdkUOpx5b2XxjtdPXzHG3Sc35gATN/gM=
github.com/hbstack/blog/modules/toc-scrollspy v0.1.15/go.mod h1:0vX7BNDMXNqecPbE4nG20FJ8I/40JgY3WsANEC3QkHQ=
github.com/hbstack/blog/modules/toc-scrollspy v0.1.17/go.mod h1:gkTJ3vQbgvU4O91Z7qgH9tb/khH1a6FTK/lqHkm3Unc=
github.com/hbstack/blog/modules/toc-scrollspy v0.1.19/go.mod h1:SlslQBJSmPHDkKKFEve/UudXqfOKv/t4JfO3v3+pyVg=
github.com/hbstack/bootstrap v0.2.0 h1:pHZ1KQ0HHwhHFbgzZ401kMSxkS7Tg0I/X002SD6WHak=
github.com/hbstack/bootstrap v0.2.0/go.mod h1:BqrUe89qxDkc8kxJ4iaK/XZxzZrWhlGloOFJfcNxAUU=
github.com/hbstack/carousel v0.2.3 h1:4jCjvd2+MDm9sAp3FOtPVa06JmnNLdfBRTxtkyrXl/M=
github.com/hbstack/carousel v0.2.3/go.mod h1:BUoUKVTPOSoE2iCJABFoCURetHa6OCw6r+gr5DBYavo=
github.com/hbstack/carousel v0.2.4/go.mod h1:AchKlXiqYNZouE3Ee/VSSQle2FUZV5CJgTnPBFI7Gj0=
github.com/hbstack/code-block-panel v0.1.1 h1:9fHjXmlU7x8nbWI3Qr9t5YnRDtaF9auqPWMpsUNMGuc=
github.com/hbstack/code-block-panel v0.1.1/go.mod h1:EJ9PgJrLnJ8DQ0SxU6DrdOesLF1h+YF1MCtMd0DodQg=
github.com/hbstack/contact v0.2.0 h1:MnqGhJ3KpI2bJSCKPchS0+KzI/e0hsg16AzfG1YmeHs=
github.com/hbstack/contact v0.2.0/go.mod h1:qK68ZAgUF1FIzHnkYzdKDtHRudCuoqM/C/47HrLPPYw=
github.com/hbstack/content-panel v0.2.2 h1:gQLxbG2VQp9AIog6EPm5Ik8dJvAu5hT7PmOX0pXeWu8=
github.com/hbstack/content-panel v0.2.2/go.mod h1:3ULgfai6RGTGpd7+pS+eeZSZr2qKgofonncXSEIpz8M=
github.com/hbstack/content-panel v0.2.3/go.mod h1:btJhaVMoOh9mSAqM4sFfjsCCJB/D253cnR//Y7Lx5xI=
github.com/hbstack/content-panel v0.3.0/go.mod h1:btJhaVMoOh9mSAqM4sFfjsCCJB/D253cnR//Y7Lx5xI=
github.com/hbstack/docs v0.6.4 h1:Uid2yk/x95i2qGfOQ3x06cSlVaHIYl08zNdmdO7D60o=
github.com/hbstack/docs v0.6.4/go.mod h1:kSVzryHYdTGxWh0TF0Nvkk8BoZBQLgiokgPUK8hKfzs=
github.com/hbstack/docs v0.7.0/go.mod h1:gg+Shum/JRUzh/A1/SOT8nXHjokygF39SufrpYsD29s=
github.com/hbstack/docs v0.8.0/go.mod h1:gg+Shum/JRUzh/A1/SOT8nXHjokygF39SufrpYsD29s=
github.com/hbstack/docs/modules/breadcrumb v0.1.6 h1:oShbIYWTKT+mOUyFVCep58U/cVJInnWt1YSlqcXMhMs=
github.com/hbstack/docs/modules/breadcrumb v0.1.6/go.mod h1:a+K5/jvdYPlSgragg2Og3qn1To/gwSR+vYxHKYFUJS8=
github.com/hbstack/docs/modules/breadcrumb v0.1.7/go.mod h1:UjZ1pDFCob8cHTKXOoYMo6SwxBxWKaNc0KlQEaCBAbk=
github.com/hbstack/docs/modules/breadcrumb v0.1.8/go.mod h1:1NKYNYa8Lw8KWY+3AoSiCOuDmBnRsWdC3iD9DK7QX1c=
github.com/hbstack/docs/modules/content-panel v0.1.5 h1:CZ3IlF68c9rMV1cRGli5s/SXzE9+7g2AW0msQFcKhkc=
github.com/hbstack/docs/modules/content-panel v0.1.5/go.mod h1:1cqME+WPPJVc3zBAi1W7aomml5n1baymuBWLMEVm+Gw=
github.com/hbstack/docs/modules/content-panel v0.1.6/go.mod h1:Z3YEee3F2OClJl7HPs99DLn/WPMIoyz3DAgh70xwuXM=
github.com/hbstack/docs/modules/content-panel v0.1.7/go.mod h1:wdC+CEew7LbuH4gEeNyLkjEZ1P4BTULXFoYQdiOblJE=
github.com/hbstack/docs/modules/doc-nav v0.2.5 h1:9JQbivRmauRsw2cyS1NRSbpoXIeMWQFafsZbYGWaQ00=
github.com/hbstack/docs/modules/doc-nav v0.2.5/go.mod h1:pBJKJb0X6zhWKcCJcyG13yrd3HumoDptQATFP4teW9o=
github.com/hbstack/docs/modules/doc-nav v0.3.1/go.mod h1:oPis8QwnR1g8wGnNMbDo3VSS6++sAluQNC1NG4QXCns=
github.com/hbstack/docs/modules/featured-image v0.2.5 h1:Yt0WYsLEMLvlGyXtLyuoMBH/tMkzN7upfNrLAHxei2Q=
github.com/hbstack/docs/modules/featured-image v0.2.5/go.mod h1:xO6X2rM/zCEFbpfejHCUzbNeqfbuyYCxcycngt+V+kA=
github.com/hbstack/docs/modules/featured-image v0.2.6/go.mod h1:7RL3v8GF/63rB5bY/2XoWiFRBTrNz4xbCvWGAOqYuMc=
github.com/hbstack/docs/modules/featured-image v0.2.7/go.mod h1:dt6FzvWZGx/4zzQnqItcbsMED9EVPkNDU7w2BxBPwRg=
github.com/hbstack/docs/modules/giscus v0.1.7 h1:SW6AMAVDdDh/RiZdaKbCKUvjfq1n6ugWlKjRo+SySV0=
github.com/hbstack/docs/modules/giscus v0.1.7/go.mod h1:97ZeoBJr54chr6u70HUDtkiVBDGwYl9lZAC9lmbpjhY=
github.com/hbstack/docs/modules/giscus v0.1.8/go.mod h1:AEoD0YJKDL6Sh8/eAHq1+mZDUu5re3z9UvnTlhd0LmY=
github.com/hbstack/docs/modules/giscus v0.1.9/go.mod h1:vflq4EERiBTjYZ5RuHirFLRmSxly7/eIcA81rwtmQlI=
github.com/hbstack/docs/modules/heading-sign v0.1.6 h1:5OgBkLlbEEDtQcBcIiek36ey3KXncHFwyYnhLlVbNCg=
github.com/hbstack/docs/modules/heading-sign v0.1.6/go.mod h1:uDDtKAQi/XHH6pPCsbpPFMI7Ba3ZGjFYpSewxfwPJYk=
github.com/hbstack/docs/modules/heading-sign v0.1.7/go.mod h1:QVJkUvDKZML3q2sibECzpAk3ylJ2cwv0s5naEDJfhm0=
github.com/hbstack/docs/modules/heading-sign v0.1.8/go.mod h1:S139I7KQWECptWp28peWm1jWkrpLYYsLkxljYBm1MdY=
github.com/hbstack/docs/modules/toc-scrollspy v0.1.4 h1:rorlYljbsRsdqKlwODre3t6n8VL8B5B8u0EtVXq1naY=
github.com/hbstack/docs/modules/toc-scrollspy v0.1.4/go.mod h1:Ed/fo05NbSSs+HN7nYiJXGWf9KGbeVXCqmdU0LSTu+o=
github.com/hbstack/docs/modules/toc-scrollspy v0.1.5/go.mod h1:aAF0wxtvX3L3bJV2JjTHfRywoErlk2f1YG9yVVZzfn0=
github.com/hbstack/docs/modules/toc-scrollspy v0.1.6/go.mod h1:Eu5e9nSe9T3JI5HNsYp58gPt+WokJ4wkRE98GFomMC0=
github.com/hbstack/footer v0.2.5 h1:SBelvFYo8/IDPisprlZxEaR70PXcoHfjL+2mm1ir6/A=
github.com/hbstack/footer v0.2.5/go.mod h1:L0ZYdYRROlGUGLRA9QchkYeByHIff/EU4WKRdAUW+E8=
github.com/hbstack/footer/modules/socials v0.2.4 h1:O2wfIFWVzmGWiel+uT9ipGYhdIuqqaG34UZ3wwLDJ10=
github.com/hbstack/footer/modules/socials v0.2.4/go.mod h1:pdjL1xFGtz9Tob7b8LtOtKWvY+krtH2zv0xF6v8JS1E=
github.com/hbstack/form v0.1.1 h1:AO9k/vp0qjs4BsN7zlafN7t0kn6VfvccITOl97vo6P8=
github.com/hbstack/form v0.1.1/go.mod h1:gV+Ut13MRQ6lvLdsB3ZAxF6I4ALZDJhFu4pIxGKou/c=
github.com/hbstack/github-releases v0.2.0 h1:r7jRbN8xMsbDumam9wKO6c5VVIyux96j1LD1orZo1i4=
github.com/hbstack/github-releases v0.2.0/go.mod h1:7Tqno/a2phAcbw1IagM1nmOUpvA1KwcKN24/vRq6UNk=
github.com/hbstack/hb v0.7.1 h1:bnlE/KrhOKADI5aydZG822kT1o9QR8I8TdOWugqaMJE=
github.com/hbstack/hb v0.7.1/go.mod h1:S/08mx1tK6yxjQIkSqvpqG8HrBzMBDJq1WC5QjXW9p0=
github.com/hbstack/header/modules/banner v0.5.9 h1:7399PGhTIv3uXG1J30g0F0rIDiukJ4XMa3gGGV3xOak=
github.com/hbstack/header/modules/banner v0.5.9/go.mod h1:8fLQ/vtkPT/nW2l7ySSVUcX/n6xBPKOx2ZBBVZ1uw8g=
github.com/hbstack/header/modules/banner v0.5.10/go.mod h1:R0Y2OlMf5jbhfmuEk5G3/JbxYjiujMzrdSKECMdSkns=
github.com/hbstack/header/modules/docsearch v0.1.21 h1:C4IsBUajiqO/KZhEe93zLX+Yz7Ru4Lku89fvB3+L8K8=
github.com/hbstack/header/modules/docsearch v0.1.21/go.mod h1:lUjix5C62mIOQ6mCmAe6zswVZAxJSyHtGpu3QZvyYuc=
github.com/hbstack/header/modules/docsearch v0.1.22/go.mod h1:kDxr405/gjQ0gIAqHoVKbU4LT1Z+CQeJbKuGiqHisK8=
github.com/hbstack/header/modules/language-picker v0.1.18 h1:HfMmXZC65GnRJBr6Ts4NysUFvKAUMgIPXcym2oPIRMA=
github.com/hbstack/header/modules/language-picker v0.1.18/go.mod h1:NktjHB9iRkmFH5rZ1XXPc7D40mcMOipDmKyCoxwGfxM=
github.com/hbstack/header/modules/language-picker v0.1.20/go.mod h1:aNct66xWjiQoxjNiUIGDA0gwvjPyyRQ5Qdww+BCPMuw=
github.com/hbstack/header/modules/language-picker v0.1.21/go.mod h1:vlKi+qkfV0AVXl910GTj432RPrvIIUgTbejBO/vahM4=
github.com/hbstack/header/modules/search v0.1.28 h1:fckyLkYKrBVZsKMjfpXNbTIlcw4aKJLVwSO99XFhrQY=
github.com/hbstack/header/modules/search v0.1.28/go.mod h1:DEShhkQEvh36507BdXXLnAB6pNjNoDYC17EwfT4Al08=
github.com/hbstack/header/modules/search v0.1.30/go.mod h1:DRhdnl4uzi6pjWmv0UMMUOlotLtUgFlWbGWZ2xXm4Js=
github.com/hbstack/header/modules/search v0.1.31/go.mod h1:chtAc5meafXNJhISM6uodmMCp0QJ5Mis6ZHhgPJewfk=
github.com/hbstack/header/modules/socials v0.1.24 h1:Qgt/yVX2dGk/bt76EG9PvZFfUZs0B24dSx/58/n4zPw=
github.com/hbstack/header/modules/socials v0.1.24/go.mod h1:UU4FJT0/cqi/z4ttmBJlIQm9BdpEvuBaErmEBDVlPjc=
github.com/hbstack/header/modules/socials v0.1.26/go.mod h1:ppyvjpy6wg/WxgDWSHXATx51/ykpTgLpXAq3BhMqT7A=
github.com/hbstack/header/modules/socials v0.1.27/go.mod h1:5UmG5kRAdSeWSc7UuN+voFPq3hsKqMXfFZH+D0PNMO8=
github.com/hbstack/header/modules/theme-toggle v0.1.18 h1:I0dLfrAZVzm1GUxQXcfUJ0gCgL1YzAGoKiwI3YskOMA=
github.com/hbstack/header/modules/theme-toggle v0.1.18/go.mod h1:QFRunk14ktM/oYuYxlKOnJvw0ZPFTiPnSSbWwSYLLc4=
github.com/hbstack/header/modules/theme-toggle v0.1.20/go.mod h1:JBLtu7vWYBtTE7GTiI7vR5BpdSbW4V025h6lEDNaSik=
github.com/hbstack/header/modules/theme-toggle v0.2.0/go.mod h1:ljUc5lLVzRh7Fud+V0pob7c2CxIYPJe18++PGRAhLMI=
github.com/hbstack/header/themes/pills v0.2.16 h1:gJIAn7xOOL+nNrGVXQ2jPEoAYMNcF/iUW3TDD9H5UmM=
github.com/hbstack/header/themes/pills v0.2.16/go.mod h1:P4oOyqbyKSX1f6smvPSgYIy5UQBK2vm6sdNKuL2QJ1k=
github.com/hbstack/header/themes/pills v0.2.17/go.mod h1:lEk42qmZEt0u81hveFYNSI5LmoCZkLkeCy+GojPub0c=
github.com/hbstack/iframe v0.1.1 h1:npNgmbvZ5TtLE9kvv7xrILOZqLcUYJIq2I8CacW6Yeo=
github.com/hbstack/iframe v0.1.1/go.mod h1:W0qloZsLN8BCHObGrKHUOCK3LLCFN4x4PoA1u5WfW1s=
github.com/hbstack/mermaid v0.1.0 h1:T/3Az7xujbFmbC4r1tZGKTwt6GOcz/72yc2N9oFNU2I=
github.com/hbstack/mermaid v0.1.0/go.mod h1:dQAfzX1SA4b3k5ytA8WPR5luxjX4ii7EdtoRsr8WLNw=
github.com/hbstack/meta/recommended v0.2.9 h1:9w155wUQ5ZYqLIBP8GgsnJd9iPYqxjTfDXTJNpDzE6Y=
github.com/hbstack/meta/recommended v0.2.9/go.mod h1:SPfLwuEOAc8addpyY8Szd1rBi0ZaDekiIzNPNscABjg=
github.com/hbstack/meta/recommended v0.2.10/go.mod h1:OdGN+zqdgFbet5A6XrfjaTNUTd5L91rOUNRJxgq38fo=
github.com/hbstack/noscript v0.2.0 h1:yAWYGD1stUicaKATrA9BnhQNjRZWgiFgP8Y7C44AqG0=
github.com/hbstack/noscript v0.2.0/go.mod h1:Lxh6eXJijehQw92g4g+2+fVEQgVqRJXi5xGri/y+Eyo=
github.com/hbstack/noscript v0.3.0/go.mod h1:YLqA9Y8R1yfkTEgtURXb5it5bZKuOiE1ZKyVyLn0RrU=
github.com/hbstack/pagination v0.2.0 h1:1TKy5bLrwkIxHJPLjK+k6Ws9ZO6Lg2ppP+Z1iVvDoAw=
github.com/hbstack/pagination v0.2.0/go.mod h1:IwCFgkfkXMVjudqJ8nHcwQLlXmwx0MRtNFOCd+0I3Vw=
github.com/hbstack/pagination v0.2.1/go.mod h1:rYUcK2N6NxzLiy67xfXzt1xSCE5QKFPYHG3+2hsecYQ=
github.com/hbstack/pagination v0.3.0/go.mod h1:rYUcK2N6NxzLiy67xfXzt1xSCE5QKFPYHG3+2hsecYQ=
github.com/hbstack/preferred-language v0.1.0 h1:xMEWRiJH1Df8cxbyI7Yd+ngjUzP4pTFpNgq8KCiFh9o=
github.com/hbstack/preferred-language v0.1.0/go.mod h1:8R/OGc11tafKXMZcv4wKxT33dDxo2lv0L3ZZeXPtSnM=
github.com/hbstack/progress-bar v0.1.0 h1:2ZiGS3RFZbZYBUbT2nFCoU9SJsbD9jtV4A7ab41B4jg=
github.com/hbstack/progress-bar v0.1.0/go.mod h1:JZt160XK62FxThzt+RmokjOww3De8ZL0ITcxMJLVE7g=
github.com/hbstack/pwa v0.1.2 h1:zJhLf5Uf+jO9aCBKvFcASlw7sULK2i0qUJZxscBo0HM=
github.com/hbstack/pwa v0.1.2/go.mod h1:8x01rczLrSw1aCWD+yrn6v5FRQPtaEh/PYCtFDICEWo=
github.com/hbstack/scrollbar v0.1.0 h1:uQMNbkWbLxnjQMiD3zdt33RG48sY2a0XWyGQkK2HsyY=
github.com/hbstack/scrollbar v0.1.0/go.mod h1:BEDha5gOjQfXBKZfwT+4vn8hCE88qElocjEI2SY1eAs=
github.com/hbstack/search v0.1.7 h1:5u1aCCAqtuh0vHENqGOvKsJ0q7il7kO2zYnBWjETAFw=
github.com/hbstack/search v0.1.7/go.mod h1:VLRF5mP2a1YBMH+o+0zEFEclb+NzKlpZmIfY+1aIGDM=
github.com/hbstack/slide v0.2.0 h1:0D8Vt4bxtFCNpozRu0WDMz0kgOy60Gk1aJKAZSPUnik=
github.com/hbstack/slide v0.2.0/go.mod h1:7fBmuBpoxrmP+dQPArVyX80LTQOWCm8z7Rf38nzDlzE=
github.com/hbstack/slide v0.3.0/go.mod h1:iKDyeU/HJpjXiwsAScBH626Z0oTCsfiK6Tt1O1RxEjc=
github.com/hbstack/socials v0.6.0 h1:vnDZLpQmA2tJAHQeOXuFtlzMIoE8rUKahiBRuhkeg3w=
github.com/hbstack/socials v0.6.0/go.mod h1:vOckvjx7Tvhg+QJ4rKR7lTj3GytBMACj1Q43V459J5Q=
github.com/hbstack/socials v0.7.0/go.mod h1:0IViwiReyAknJBIXFqhThn6m13jbib6lLFYfMIWZYzY=
github.com/hbstack/syntax-highlighting v0.1.0 h1:WxdhNgCktllNKQDqu1BmLmg9dsi77/dXIlcdQ8KZZI0=
github.com/hbstack/syntax-highlighting v0.1.0/go.mod h1:6IoaM+tSIkKZblIrT1i5L3zVH68nt4UScU9JB30FQsc=
github.com/hbstack/syntax-highlighting/styles/gruvbox v0.1.0 h1:lGH8nqOU/+3yzHIk5s1nTrzHDImEnvLkr/0viuPfx3Y=
github.com/hbstack/syntax-highlighting/styles/gruvbox v0.1.0/go.mod h1:ar5ZFplNyVZCVG6rvo69co1hNZwptxtrDz3zproGLPg=
github.com/hbstack/toc-scrollspy v0.1.0 h1:sr9HidxHVYeSZR1FVOGQzphONSsct/OscbWPSV+vMlo=
github.com/hbstack/toc-scrollspy v0.1.0/go.mod h1:wIqdWFRjqGGKX6Y5XVRQzaBBeZ91kZBKgovQp8IPvtk=
github.com/hugomods/aos v0.1.0 h1:R1NOqLbD+95R1EG0pJ7HPh/zUfM9fpdkgUMMJkOEPUs=
github.com/hugomods/aos v0.1.0/go.mod h1:JY6AAt8e6jQtQr/i3QAcPxRmcoJO2FY/A/P4m69pXSY=
github.com/hugomods/base v0.1.0 h1:3o9Y85BvXHjkYzZfswM/EtthQ8GOYKN8aXHkIWqu3/8=
github.com/hugomods/base v0.1.0/go.mod h1:hnWCPbVxuhXBwdFax3mmbMlWKmIo/7OP36MCLOyHtT4=
github.com/hugomods/base v0.2.0/go.mod h1:hnWCPbVxuhXBwdFax3mmbMlWKmIo/7OP36MCLOyHtT4=
github.com/hugomods/base v0.3.0/go.mod h1:hnWCPbVxuhXBwdFax3mmbMlWKmIo/7OP36MCLOyHtT4=
github.com/hugomods/base v0.4.0/go.mod h1:hnWCPbVxuhXBwdFax3mmbMlWKmIo/7OP36MCLOyHtT4=
github.com/hugomods/fuse-js v0.1.0 h1:CmWHBZANvjOP44RDNQNLntqlLf9GLqeM29jekxTNcPE=
github.com/hugomods/fuse-js v0.1.0/go.mod h1:srCqvtBQR02HS/abTraDU4oINv1D3PljNPdexdoHhpo=
github.com/hugomods/giscus v0.1.1 h1:Kb8137Cp2nQJPFb6e+CdXy8nyIAJ2dFIymG4bDdaXWI=
github.com/hugomods/giscus v0.1.1/go.mod h1:tCRkqNi/sMsLh3kjDesXZNzf4R/w+b5oc5boS/l8Jtw=
github.com/hugomods/google-adsense v0.1.0 h1:eykHVCF+JjJRpEQ/b+EkH9aQLQxIdGI8m06qsq1iybA=
github.com/hugomods/google-adsense v0.1.0/go.mod h1:zXQIuUr9pIqlNdCzOLY04Rx7oeUm5R+OhUmscNPiI0w=
github.com/hugomods/google-analytics v0.2.0 h1:ziRPsDMYKAmvfl6ofthJdmXq0w10yxNKI/dF0vbcX0k=
github.com/hugomods/google-analytics v0.2.0/go.mod h1:Q89C3HmPHn2m2VT1INfnLwkpDyyYRLRIPitLA/aFIy8=
github.com/hugomods/gravatar v0.2.0 h1:642HNhGN7Mw7qefNcUFJKzLoT2zJKt4IQkrS53mIUfA=
github.com/hugomods/gravatar v0.2.0/go.mod h1:oATWuh5u2XUK/ZKzOD0VEP5I/TZfVZwplTyhT61Q4Fc=
github.com/hugomods/hugopress v0.2.1 h1:coYEPHUNLuTxKrVWVIPgs0lbZ6yrqxdWjgSriNFuBVo=
github.com/hugomods/hugopress v0.2.1/go.mod h1:CRYvr60xOkZOf4Atkuj+uEj2EH5pjJ39Ws3aJAkoMkA=
github.com/hugomods/icons v0.6.0 h1:G6RU93okhPPRDh/jqcew9gwkcYpSpg0rCBv4S6yUAFw=
github.com/hugomods/icons v0.6.0/go.mod h1:cIkSvK6W0q6N4U6n9KGz+QfRWQXAW0INd+1P31gPNGg=
github.com/hugomods/icons/vendors/bootstrap v0.5.1 h1:H4G4kK9ltn3Cn/oyi+i7qhSyxPA+U4L85fUFQ9wNnxo=
github.com/hugomods/icons/vendors/bootstrap v0.5.1/go.mod h1:tFEoO7zed/8FDT6LeKLGnzDbx7D8HK7ZaLshnF0RYjQ=
github.com/hugomods/icons/vendors/font-awesome v0.6.1 h1:MyYF67fPthN4EDkT/IwY0ydowxzE6J/oKFTltOCY2vY=
github.com/hugomods/icons/vendors/font-awesome v0.6.1/go.mod h1:kmMci4qX8yTQPT28sskzKRudJiQAAiZZugjNbkakRhk=
github.com/hugomods/icons/vendors/simple-icons v1.0.17 h1:DFLYMu0WJuGKSeui/yPVNGsAILv6DWuYKutFxQAaP0E=
github.com/hugomods/icons/vendors/simple-icons v1.0.17/go.mod h1:SMVLm5zll8PIeX3+jRalh83amsynIlL+Zha/8ZXKn68=
github.com/hugomods/icons/vendors/simple-icons v1.0.18/go.mod h1:8pAAI7UX84AUnxTRCVJ8u9oZUgeRHteLnkZwbf+ogKc=
github.com/hugomods/images v0.8.0 h1:rsI+Akwbz+Vd3mI0leAlCD8R696usHw13nH972mTe4E=
github.com/hugomods/images v0.8.0/go.mod h1:U6Gwj16LKvk66rOMyGFrnF6f0aV8lT89lqOsckOAjYY=
github.com/hugomods/katex v0.3.0 h1:hq0Kels9clL38Y2K/QZgXFKF7hQuumyQYz16TT4/Hhk=
github.com/hugomods/katex v0.3.0/go.mod h1:EBY1YQTN6F8FDQz+mWp3EzEh8vDN31YjL9luVni+Wm0=
github.com/hugomods/search v0.4.5 h1:RC7OTkEAQjh49/SCh5Gw0+RFzeTDE+6J5XqMixVY6mw=
github.com/hugomods/search v0.4.5/go.mod h1:xdMNL0R06eMDyl8LVoFNp19lnFSNMFT+oje8j8N/WbI=
github.com/hugomods/search v0.5.0/go.mod h1:FURp5HBUm8JiuJajLk9sZ1Z1QUSJATboYEp1sFi46a4=
github.com/hugomods/seo/modules/alternatives v0.1.0 h1:G5IjM7j7ExgXEMyxQj1Z/5JwwRW8DEmL0nDJYxA3NhE=
github.com/hugomods/seo/modules/alternatives v0.1.0/go.mod h1:ff9uz+f5yii9k2jbwt/HKM3RpLR3EYZrNQBAOabNxMA=
github.com/hugomods/seo/modules/favicons v0.2.0 h1:pzQMocbHHMNNiuE5vsCxE4qqaJBprYAUX4EOoiF+ynM=
github.com/hugomods/seo/modules/favicons v0.2.0/go.mod h1:xFDhrpWUZR4NMMVkilzT6xFBHiF5eyCQ8PlzOS2K9lY=
github.com/hugomods/seo/modules/open-graph v0.1.0 h1:Whveal1j1n2xZWcAlNAd2rdfKp7Fh5apol36wLGLb54=
github.com/hugomods/seo/modules/open-graph v0.1.0/go.mod h1:G7mXf7D1QtRN/i7A9v+cUF5P55H/QaxRqxJ8tp9fVq4=
github.com/hugomods/seo/modules/schema v0.1.1 h1:8IuJxCOxk9pfKpCFMik5fDCX7zaFwkGoeKacnYV0sgA=
github.com/hugomods/seo/modules/schema v0.1.1/go.mod h1:R6hRr2FIJITcMnFA/3V3dPAZgGQLNWGS7v1PLsmVRxU=
github.com/hugomods/seo/modules/translations v0.1.0 h1:wPDuPKGx/x+otHn2HfAankKCGQxSrC3gLHhRHpNjC18=
github.com/hugomods/seo/modules/translations v0.1.0/go.mod h1:yU2p2hk2dK86YNRU9zfoWRoCrYmrjEmf3oN7cCTbzcM=
github.com/hugomods/seo/modules/twitter-cards v0.1.0 h1:jH9WfmFZ3kCndUkATM/D/BYL+TQYoXA7/IxgQJbifKQ=
github.com/hugomods/seo/modules/twitter-cards v0.1.0/go.mod h1:QYs7SWbhXSQrsn/RHZSD7DwzaCHFpoLQdVPxEI3j63k=
github.com/hugomods/shortcodes v0.12.1 h1:bhPTgbDIUEG8Hqi0eMESdrCN9Ot4SE3zV0TXSUlo+Fo=
github.com/hugomods/shortcodes v0.12.1/go.mod h1:EnVopbZMNI/HeteM3Lp3phBTCRLvPSe7l142qhRFFPY=
github.com/hugomods/snackbar v0.1.2 h1:SLpfH9jlYwf81epH7DvM2XTZHo+3fXXpk6XKtxmo964=
github.com/hugomods/snackbar v0.1.2/go.mod h1:ykFm0IFibeQPuPAm8Gaa27xJS/bNZcSez4omVSl2gQ0=
github.com/hugomods/workbox v0.1.0 h1:yxuTj3gT1BNf6OitxrjxSJXfmbFBj2UTwdWr142eYFQ=
github.com/hugomods/workbox v0.1.0/go.mod h1:RpFcIcltqYsiHWJV6PHPOdMagFZxO7nrO5XUpn/TMoc=
github.com/jakearchibald/idb v7.1.1+incompatible h1:/o1ng3qUjgMUeeKFim3J3tiQAitcVXU12pXIjSzwT/c=
github.com/jakearchibald/idb v7.1.1+incompatible/go.mod h1:AuDoW54s2DKfbclM+ScrnPp8ahUQ9rHph9bb8sZTEXc=
github.com/razonyang/hb-mod-thanks v0.4.2 h1:IHjKFCir5nWakgXVc3+witHH9gkUoUB+B5v4Tyszi5E=
github.com/razonyang/hb-mod-thanks v0.4.2/go.mod h1:QNNUPfVp6v3fyvFjkk1DDDl0qhajEuzXAPgnuwMLg1w=
github.com/razonyang/hb-mod-thanks v0.5.0/go.mod h1:QNNUPfVp6v3fyvFjkk1DDDl0qhajEuzXAPgnuwMLg1w=
github.com/twbs/bootstrap v5.3.2+incompatible/go.mod h1:fZTSrkpSf0/HkL0IIJzvVspTt1r9zuf7XlZau8kpcY0=
github.com/twbs/icons v1.11.1 h1:lMKkMwupTDfBJWXx6RFLwfYuCmqG/uUAu2LaOf7bZjU=
github.com/twbs/icons v1.11.1/go.mod h1:GnRlymgVWp5iVJCMa0Me5b6tFyGpVc2bSxPMRGIJmyA=
