github.com/gohugoio/hugo-mod-bootstrap-scss/v5 v5.20300.20003 h1:pt/JGVD5YYRsVVijOHPZI6YKTUvbR4e0hgV9B0S6rbI=
github.com/gohugoio/hugo-mod-bootstrap-scss/v5 v5.20300.20003/go.mod h1:mvM05r93HiefwoaxQTaYiJxtJAhTebwQtU1Xh/J+Okk=
github.com/gohugoio/hugo-mod-jslibs-dist/popperjs/v2 v2.21100.20000/go.mod h1:mFberT6ZtcchrsDtfvJM7aAH2bDKLdOnruUHl0hlapI=
github.com/hbstack/announcement-bar v0.1.0 h1:e0vUCDCiQW3n/FkpuyhYDDgQmYbWzZXU1s7DS47CVJ0=
github.com/hbstack/announcement-bar v0.1.0/go.mod h1:oEwrGYRoALt1o3LeYKGbkrmKSrS0XrgrHMNdQRWtAYs=
github.com/hbstack/back-to-top v0.1.2 h1:eQ05oJjjl6ByFMKjuSCYJDLl5i5DCRyUt7Z5EdsxzIU=
github.com/hbstack/back-to-top v0.1.2/go.mod h1:/Hc4gkEbdaNLSd5j7jjYsvjl39UBX0bTO5/g4ltNfR0=
github.com/hbstack/base v0.2.0 h1:BtLH7i8uxUM5TMr1kaaVeJ/Yu/5FeZJ1MquxPFXgpNU=
github.com/hbstack/base v0.2.0/go.mod h1:f0mafnZoiQ3YYvRb82o605NEQVbQ3wzRYzhW4PZjrJ4=
github.com/hbstack/base v0.2.1/go.mod h1:6SqazoH3UBSuwSHV1kyEDWcIJg+Cef++w8p45VSsSHQ=
github.com/hbstack/bigger-picture v0.9.2 h1:JTvg77xSkUBvz0TAX/eVDllFYAxpiCECxwX14H52kxc=
github.com/hbstack/bigger-picture v0.9.2/go.mod h1:CficQfdxEJx1U/5JOUOSgAqkH40XxdnSRcvLzsyHMl8=
github.com/hbstack/blog v0.15.0 h1:HgCFTtEhHAC/jd4VgmRfo0ErQ2Y7ANTmNLcCHcpJTdQ=
github.com/hbstack/blog v0.15.0/go.mod h1:qM7rXyw88WzFhMzXlq/gz3IrO7OUkRqqtOcpafnmUMQ=
github.com/hbstack/blog v0.15.1/go.mod h1:bXapLbkLEutvrfG46HFg1E/YRL8umNeoGbVzCJz4Lco=
github.com/hbstack/blog v0.15.2/go.mod h1:wkpk4NRbmwB3A+tu0KZFQ5qkPDbF/Vgvxgiot2olM+0=
github.com/hbstack/blog v0.15.3/go.mod h1:wkpk4NRbmwB3A+tu0KZFQ5qkPDbF/Vgvxgiot2olM+0=
github.com/hbstack/blog/modules/breadcrumb v0.1.5 h1:7m41Fp/CWFkEdUWsnfHPszEO3oDs3BP/UZIy4YvezD8=
github.com/hbstack/blog/modules/breadcrumb v0.1.5/go.mod h1:1P3cxTG3s+Wi/Qf9jfpdw7Sa0zq0dCMCLKG4+fw7sNA=
github.com/hbstack/blog/modules/breadcrumb v0.1.6/go.mod h1:hwq7Q4t1BR4cJ3Fl5hxfYExlGZlRh9kt1FqbQG+p958=
github.com/hbstack/blog/modules/breadcrumb v0.1.9/go.mod h1:Fk0VcnTs3EOhQHkGgZuwsemZHDqiDT/QfcI565oJCtk=
github.com/hbstack/blog/modules/breadcrumb v0.1.10/go.mod h1:tgG3n8+4Ap71K+tW9dyE4EN5/ZjmXh4jnjRMxUwg1yQ=
github.com/hbstack/blog/modules/content-panel v0.1.4 h1:nzMipgeU/XWh05whgCQSUUGx0E35mMcnsJVIs0YMz1k=
github.com/hbstack/blog/modules/content-panel v0.1.4/go.mod h1:GtA5qt5rAU/LaO61tzPvcDVnVKKggmsalUAE9dOzYL0=
github.com/hbstack/blog/modules/content-panel v0.1.5/go.mod h1:+dk5OBK+Rgno55v6W8QumtfCt5kWua08d8f9N9Sne7k=
github.com/hbstack/blog/modules/content-panel v0.1.8/go.mod h1:USYeK1r0AuC+qeLdO9dJKF4J30VUn8FezAJRp2oWI00=
github.com/hbstack/blog/modules/content-panel v0.1.9/go.mod h1:a+4eKXG0Z0zE78GoKacTalo+J6POXCzrrPk7TT1ukPU=
github.com/hbstack/blog/modules/featured-image v0.2.4 h1:RTETofLCou2Ul1DZoa2vB4Jlb3kSGf0Xx1T41Lr/nno=
github.com/hbstack/blog/modules/featured-image v0.2.4/go.mod h1:wGu2dGkqXaF73NfsrKlfu81NrRjbNLxK2YlH+8X4OvA=
github.com/hbstack/blog/modules/featured-image v0.2.5/go.mod h1:sdY8UWq2BXl3osJQ2UQkhXrTMnKgi8w58BAGxp2FWLc=
github.com/hbstack/blog/modules/featured-image v0.2.8/go.mod h1:hF90CiZRG57ntx0dkJIbO3XBgvaqZFmTmSnWqIEJqg4=
github.com/hbstack/blog/modules/featured-image v0.2.9/go.mod h1:wL9vQqZlUfhPFKvHaSjsGQTFaMAkYRkPrmdtrZwI8mE=
github.com/hbstack/blog/modules/giscus v0.1.6 h1:zlMcxW4C0jTbAFzbTpMH7iAwsHrX6EdUiX2cSJyISZU=
github.com/hbstack/blog/modules/giscus v0.1.6/go.mod h1:RKMEPc4KYQBBZAE3zTBcZShVljB4gOUN7K0/cbj8kAI=
github.com/hbstack/blog/modules/giscus v0.1.7/go.mod h1:8aHD94hqxx06T3B7M5nhUzgpcHOqcZGtbhqmDpIhxWE=
github.com/hbstack/blog/modules/giscus v0.1.10/go.mod h1:1x/XzqIQE2NhNmR3ZUFcJBIusqwjR3RMau8C6VJo1+E=
github.com/hbstack/blog/modules/giscus v0.1.11/go.mod h1:P9Ujw7WlGkYudDfARbsF/1Mapnzz4pj/ZdlES2gxqoQ=
github.com/hbstack/blog/modules/heading-sign v0.1.6 h1:rtph4XHlYdTmu6arv/bumN82tFo7dm3ikvR6UXcueug=
github.com/hbstack/blog/modules/heading-sign v0.1.6/go.mod h1:3/BxqgnDri+SRKjfMBRDDQOtKeA85USqivSJ1P58rjw=
github.com/hbstack/blog/modules/heading-sign v0.1.7/go.mod h1:r/m6XNhZ2LSJo9rTtSjtLMlUjoc7LSrcSY5H3u9ZkjA=
github.com/hbstack/blog/modules/heading-sign v0.1.10/go.mod h1:WPRFzXASGj3H0/a0EtuvHyns8YzuQp1iqc7ymRib01Q=
github.com/hbstack/blog/modules/heading-sign v0.1.11/go.mod h1:sGlRPgNKwL6kafIlT/xAZtKBViuyiB7Tfx6Sn/JoZec=
github.com/hbstack/blog/modules/post-nav v0.2.3 h1:VNMXYxcl1oLtf7cmhV2T6Fp27xbjB3pXcLPXa17Bz6c=
github.com/hbstack/blog/modules/post-nav v0.2.3/go.mod h1:m2qYY3o5WRgfBgt+aK62zSGOkegEE+25sBiZPqUbtqU=
github.com/hbstack/blog/modules/post-nav v0.2.4/go.mod h1:uiWMsnHK2u+tcAJEyfzfymUSungu9RKBIdWP6vzdVTY=
github.com/hbstack/blog/modules/post-nav v0.2.7/go.mod h1:xmtft09u1LjIX1ADvfhuOkK1s31f91Te/7KTO35GF6E=
github.com/hbstack/blog/modules/post-nav v0.2.8/go.mod h1:gHCQOi7E81fgfChgEBeEh23Ig4kvLUgDuh0O3l4ZL6g=
github.com/hbstack/blog/modules/related-posts v0.1.5 h1:auWh1VHrMeD7W5RO8WKV75xWjTLkFKvG+24f6qnudjA=
github.com/hbstack/blog/modules/related-posts v0.1.5/go.mod h1:wnGXRSElkf17mx+CTVqabeVrSJhqqYENVgel8+3VA9Q=
github.com/hbstack/blog/modules/related-posts v0.1.6/go.mod h1:tYJT0ycNbyB+mVHcVmf/J+wqbluy3phZ8xe08joTfig=
github.com/hbstack/blog/modules/related-posts v0.1.9/go.mod h1:qi1dPpXI24nhDn1wNIZCs9vSHblhVdSD1cUcq2Yii6g=
github.com/hbstack/blog/modules/related-posts v0.1.10/go.mod h1:nscPM1j+RNjKMQT15yxqe/ejuN5IDsROIks+yXTwqn8=
github.com/hbstack/blog/modules/toc-scrollspy v0.1.3 h1:RZZ5C/UXslhdDqUhMUm6pk/6fHgKS4azEDNJkWmmb18=
github.com/hbstack/blog/modules/toc-scrollspy v0.1.3/go.mod h1:mTRAavWxeMMeV/Z46opmJVvqxp6oTcsS/E0jwV6JMrA=
github.com/hbstack/blog/modules/toc-scrollspy v0.1.4/go.mod h1:Y+BUtOu1YqD521r+rjv1iaXOxOIddXPUurw6xVwVFPM=
github.com/hbstack/blog/modules/toc-scrollspy v0.1.7/go.mod h1:hlL6ZNm0EOesvLabkPR1tE4V3lo13sTU46Cy8u4ZRoU=
github.com/hbstack/blog/modules/toc-scrollspy v0.1.8/go.mod h1:1osk0kIV3Qc0bDDTS5xbF9LgOEq7OFqr/Vpeolx0PNM=
github.com/hbstack/bootstrap v0.1.2 h1:poh7IOc3E7hiMaml/D8+RjOzLzse08oTPUyhfMn5o3M=
github.com/hbstack/bootstrap v0.1.2/go.mod h1:qItlWJ+9sxaiCdMQGXT+oxnsGfOxwDFnrcpgKUccSLQ=
github.com/hbstack/bootstrap v0.2.0/go.mod h1:BqrUe89qxDkc8kxJ4iaK/XZxzZrWhlGloOFJfcNxAUU=
github.com/hbstack/carousel v0.2.2 h1:2WQINzBXMdTsvCA6GbMiRIyAOwZ00CCNybRjBgf43sc=
github.com/hbstack/carousel v0.2.2/go.mod h1:7ksA42jkP82YsGJqKOU9izqiZBLpIBDBuMY6+IAuTZI=
github.com/hbstack/carousel v0.2.3/go.mod h1:BUoUKVTPOSoE2iCJABFoCURetHa6OCw6r+gr5DBYavo=
github.com/hbstack/code-block-panel v0.1.1 h1:9fHjXmlU7x8nbWI3Qr9t5YnRDtaF9auqPWMpsUNMGuc=
github.com/hbstack/code-block-panel v0.1.1/go.mod h1:EJ9PgJrLnJ8DQ0SxU6DrdOesLF1h+YF1MCtMd0DodQg=
github.com/hbstack/contact v0.1.1 h1:AXZkb+t+SfO+pTRAPYIJ7pBaTteRqDXlzKPn51OXbPs=
github.com/hbstack/contact v0.1.1/go.mod h1:qK68ZAgUF1FIzHnkYzdKDtHRudCuoqM/C/47HrLPPYw=
github.com/hbstack/contact v0.2.0/go.mod h1:qK68ZAgUF1FIzHnkYzdKDtHRudCuoqM/C/47HrLPPYw=
github.com/hbstack/content-panel v0.2.1 h1:gJrYTs3ZBoFtr8Nz3n0qBgYVw2p85ckHliMgSEy+Tw0=
github.com/hbstack/content-panel v0.2.1/go.mod h1:uziMPdakxW3G06PtvzB7peAI4h4ALWHP3xSbyHFWx+k=
github.com/hbstack/docs v0.5.0 h1:5zK61sTYV1p3Sjub6iQKpbVKnfbloOodXoDGA++domE=
github.com/hbstack/docs v0.5.0/go.mod h1:9oKZEnqoUxg7+bn13yhUBbY1WzmWmW51O8kYyOKEo4w=
github.com/hbstack/docs v0.6.0/go.mod h1:z8VxwLJBWlAcOuhX3HYkaJZNI1GH+4MHXkxyhLbGD0M=
github.com/hbstack/docs v0.6.1/go.mod h1:z8VxwLJBWlAcOuhX3HYkaJZNI1GH+4MHXkxyhLbGD0M=
github.com/hbstack/docs v0.6.2/go.mod h1:6KRCHZf9ga3qGai15W1TVeFHjiUnL0Sx6AqwCBx9DH0=
github.com/hbstack/docs/modules/breadcrumb v0.1.2 h1:f2BxzQWg1sQnGb///SVuiW68wDeQM+XkV/f5ppIZrgw=
github.com/hbstack/docs/modules/breadcrumb v0.1.2/go.mod h1:tD2ukJTqwxngo6vp6x/DHbJvjvc5CIUPn6bKoFx1yQU=
github.com/hbstack/docs/modules/breadcrumb v0.1.3/go.mod h1:7nIWgf4vBaWuKWIG5zzDxzNNfLdF4lU5z70YSVDpNvA=
github.com/hbstack/docs/modules/breadcrumb v0.1.4/go.mod h1:eVBeBRMxVJp/cVDyim9ttBPewoT+T42cHAwvgCff0sM=
github.com/hbstack/docs/modules/content-panel v0.1.1 h1:pRdahvJlYpul2V3Wr412bRO13iOTEWxGr/9wG9Tm4Pk=
github.com/hbstack/docs/modules/content-panel v0.1.1/go.mod h1:2OaESaHooNDZTq0bYGOOlDLKI64s4I+y6upXPpb3fy8=
github.com/hbstack/docs/modules/content-panel v0.1.2/go.mod h1:ytvtc/Ml6Jnp9GI9lUvd3F/FFgyt3msd75veAXea2Ro=
github.com/hbstack/docs/modules/content-panel v0.1.3/go.mod h1:M5Jlig1rrnwnDjlHfDJz4yTSOIRD5S41pN3ItMbyCJI=
github.com/hbstack/docs/modules/doc-nav v0.2.1 h1:2ZB8mfGRngaJFan2elu5tphpYQFUKML0pDUaooUp3Gs=
github.com/hbstack/docs/modules/doc-nav v0.2.1/go.mod h1:PUpAvWiual8XQpUqMa2pNlq20lkAo7KJv87uoy3pnic=
github.com/hbstack/docs/modules/doc-nav v0.2.2/go.mod h1:wyIyDH4lRVOpxOL/U8vwpsvCuUqJhFE4GZ5Ic31KyU0=
github.com/hbstack/docs/modules/doc-nav v0.2.3/go.mod h1:OiY6i4qm8WclDsvYnEsKD+vwMGTVV1XT4njjG0McYfU=
github.com/hbstack/docs/modules/featured-image v0.2.1 h1:24HtJT131xhZKTqPZckUtdGGIvrx4A+XxOiQPMeMJhU=
github.com/hbstack/docs/modules/featured-image v0.2.1/go.mod h1:epYbhRDKC1+pedbqqzpJPHt1NK9UAvG1WZ/3Syx+iL4=
github.com/hbstack/docs/modules/featured-image v0.2.2/go.mod h1:npR6D4Bbu2RiVDGkJFQC6qpM30vSqIIbGXxP+/ueEIo=
github.com/hbstack/docs/modules/featured-image v0.2.3/go.mod h1:vjRjU0x5eSUP8TZrVRsRiS1yjNpKaR2/JZ3oFokGFbM=
github.com/hbstack/docs/modules/giscus v0.1.3 h1:zKHk5FzabnZgrEOM6fx0+J9c7GrBNU2P120XjwqhbNg=
github.com/hbstack/docs/modules/giscus v0.1.3/go.mod h1:h6zjdGgKYRPNf6K0XVmX0BkL3fYl2k2QbEjFhiFBoBQ=
github.com/hbstack/docs/modules/giscus v0.1.4/go.mod h1:7gkUNgTeMUqpUTPAGwhD7lSBScMZBO1lKscP92XuUfw=
github.com/hbstack/docs/modules/giscus v0.1.5/go.mod h1:OEWWifHO3BTYxg14jFcY8WPG7KpdWg+bjoDeN7ozku0=
github.com/hbstack/docs/modules/heading-sign v0.1.2 h1:lGY1OwX2xFBT8eDwCeZjbZtTjlYfCUa6MQwOBjOgKnE=
github.com/hbstack/docs/modules/heading-sign v0.1.2/go.mod h1:EE7uwT4/rcJf/CCIOD0Ss7FsIDGTdFrag80KbF4/Xbs=
github.com/hbstack/docs/modules/heading-sign v0.1.3/go.mod h1:NSNFqQW8ERXp2R24Lu7PWSaTYmOQgSHE9qAxlsEq4s4=
github.com/hbstack/docs/modules/heading-sign v0.1.4/go.mod h1:RLpm7JfZMjGr0RR6SoLeE+X3h9MDEC38WjnhSRYehBU=
github.com/hbstack/docs/modules/toc-scrollspy v0.1.0 h1:eyAvQwvLf8SPMC51zMoHc4zplwdPwACzFPsOQeX0XIo=
github.com/hbstack/docs/modules/toc-scrollspy v0.1.0/go.mod h1:hu+Rx7AczzAXXoONNmZaVQir7msYIG65adH3JztQ88Y=
github.com/hbstack/docs/modules/toc-scrollspy v0.1.1/go.mod h1:Nd1iRY6jIt2CysHTaztEpwqycKf1n/r67nl9YKTE/NE=
github.com/hbstack/docs/modules/toc-scrollspy v0.1.2/go.mod h1:nfuMmZL9VP4uRjrG9wLT+80TXd0QWQiLJMc9H2NCyPs=
github.com/hbstack/footer v0.2.1 h1:GZbSRcGNMeKAiDLeai0cPaEnztkDBraTNQqe2uap944=
github.com/hbstack/footer v0.2.1/go.mod h1:ldb4b95D/7NVWQWFTIngasypCA+QQQRj1I+1BEyOi/c=
github.com/hbstack/footer v0.2.2/go.mod h1:ap949YxPpXEhcYPoZt2RTCS3tfeEMwsdRIqSvCrM2No=
github.com/hbstack/footer/modules/socials v0.2.0 h1:XuwETIZWBUGpt6z84lL/BWDF2VtswNto4K6f1/iCFwk=
github.com/hbstack/footer/modules/socials v0.2.0/go.mod h1:v3fTaaKwjSjyX+XwpaK6Mey3pYLWTxhHXlvs2C3wztQ=
github.com/hbstack/footer/modules/socials v0.2.1/go.mod h1:7UoIgqN0ADAwxt3p/VAMeBdcFZeiuQtOLMGMB2g6Q14=
github.com/hbstack/form v0.1.1 h1:AO9k/vp0qjs4BsN7zlafN7t0kn6VfvccITOl97vo6P8=
github.com/hbstack/form v0.1.1/go.mod h1:gV+Ut13MRQ6lvLdsB3ZAxF6I4ALZDJhFu4pIxGKou/c=
github.com/hbstack/hb v0.5.1 h1:8ikjjP7Rvnq1inaR53KezTX49es6+Ph053fHk+uY+to=
github.com/hbstack/hb v0.5.1/go.mod h1:qlNnPNO1MRsrxxDvFMz98DMFafaBgvtAfBYiteR3i1A=
github.com/hbstack/hb v0.5.2/go.mod h1:S/08mx1tK6yxjQIkSqvpqG8HrBzMBDJq1WC5QjXW9p0=
github.com/hbstack/hb v0.6.0/go.mod h1:S/08mx1tK6yxjQIkSqvpqG8HrBzMBDJq1WC5QjXW9p0=
github.com/hbstack/hb v0.7.0/go.mod h1:S/08mx1tK6yxjQIkSqvpqG8HrBzMBDJq1WC5QjXW9p0=
github.com/hbstack/header v0.1.17 h1:lIZuV4+WGsLWxWxEitec3ItAryQoGELpvNHkoYw25tY=
github.com/hbstack/header v0.1.17/go.mod h1:YEYnlqmhotkQdFbSzN/ZQT55kLLfMdvVVIzEDMFgTz4=
github.com/hbstack/header v0.2.0/go.mod h1:zw0yPq+tdR9djAdPG9tgNN3MV1IT5m0n6Z9AgG+n2WY=
github.com/hbstack/header v0.3.0/go.mod h1:zw0yPq+tdR9djAdPG9tgNN3MV1IT5m0n6Z9AgG+n2WY=
github.com/hbstack/header v0.4.0/go.mod h1:zw0yPq+tdR9djAdPG9tgNN3MV1IT5m0n6Z9AgG+n2WY=
github.com/hbstack/header v0.4.1/go.mod h1:zw0yPq+tdR9djAdPG9tgNN3MV1IT5m0n6Z9AgG+n2WY=
github.com/hbstack/header v0.4.2/go.mod h1:zw0yPq+tdR9djAdPG9tgNN3MV1IT5m0n6Z9AgG+n2WY=
github.com/hbstack/header v0.4.3/go.mod h1:zw0yPq+tdR9djAdPG9tgNN3MV1IT5m0n6Z9AgG+n2WY=
github.com/hbstack/header v0.4.4/go.mod h1:BMdysr68KL0Qmo0mufE2AepsO5YXSbBkjmIrwydhpng=
github.com/hbstack/header v0.5.0/go.mod h1:BMdysr68KL0Qmo0mufE2AepsO5YXSbBkjmIrwydhpng=
github.com/hbstack/header v0.6.0/go.mod h1:BMdysr68KL0Qmo0mufE2AepsO5YXSbBkjmIrwydhpng=
github.com/hbstack/header v0.7.0/go.mod h1:BMdysr68KL0Qmo0mufE2AepsO5YXSbBkjmIrwydhpng=
github.com/hbstack/header v0.7.1/go.mod h1:BMdysr68KL0Qmo0mufE2AepsO5YXSbBkjmIrwydhpng=
github.com/hbstack/header v0.8.0/go.mod h1:ZnACw6m73xB7Z5TUTyjErh6yURnMDDSWj8BVVrR9/+M=
github.com/hbstack/header v0.8.1/go.mod h1:ZnACw6m73xB7Z5TUTyjErh6yURnMDDSWj8BVVrR9/+M=
github.com/hbstack/header/modules/docsearch v0.1.2 h1:AdTZzsSyUEqC7HcnjwpRr5uRJl6S99zDtyAUIw8vrGA=
github.com/hbstack/header/modules/docsearch v0.1.2/go.mod h1:7sqBepK/i3NRP4FT1kgn0aGeDGb+/weEpxV8ARSZUf8=
github.com/hbstack/header/modules/docsearch v0.1.3/go.mod h1:jV6OTExn6zcj8u6/EYZfu+SOQaJ1iLhyUv40VW64l1o=
github.com/hbstack/header/modules/docsearch v0.1.4/go.mod h1:3wxalqja6xpMrIzSKdbv1+ZNhTuT42lQp2f3weP3r1Y=
github.com/hbstack/header/modules/docsearch v0.1.6/go.mod h1:zno9nDYGDp4CCMA+WwL/w5M7UYu165DmuJ+XxmbEa+I=
github.com/hbstack/header/modules/docsearch v0.1.8/go.mod h1:z0NYJ9KNt2Hfc0+lEpK2VIhRkxmRXJl/3t4hOHQ5lUE=
github.com/hbstack/header/modules/docsearch v0.1.9/go.mod h1:IxGKqjM78X93DeJ9rHokYHUulU1wjZ0gEdMDFk3w8sc=
github.com/hbstack/header/modules/docsearch v0.1.10/go.mod h1:53EwAGnPWuS2zMF+ktJjymBrCc3ir87QQqu9K6WqNzo=
github.com/hbstack/header/modules/docsearch v0.1.11/go.mod h1:b89q7WPvncHHoti7XdHwFofXd9xZeT357O9GMR8RKCM=
github.com/hbstack/header/modules/language-picker v0.1.2 h1:K7II5rqbEA69/ZZM+EtCN5pFR6QHTUP60czWjZMyS/0=
github.com/hbstack/header/modules/language-picker v0.1.2/go.mod h1:VW86iVj/CcopYTIrD0iRF+LBoUBPsYOwo580vIoqqrs=
github.com/hbstack/header/modules/language-picker v0.1.3/go.mod h1:nR1OD8B9ifA45MvKbdn3Eo/BMbUhsoOYO5A3lz3ufI0=
github.com/hbstack/header/modules/language-picker v0.1.5/go.mod h1:66uz/5PHLTD8+74gzCPStumMlk98gvpnaBg5pJ6SoHA=
github.com/hbstack/header/modules/language-picker v0.1.7/go.mod h1:ATJlDMzFrrpVwnxNCNQWZ/KefWPicg3OfWK2ua3U5JE=
github.com/hbstack/header/modules/language-picker v0.1.8/go.mod h1:VGiXhPGZLUz3jvZ3IUWwcVVV/KwWu//3L0ecTj13BlI=
github.com/hbstack/header/modules/language-picker v0.1.9/go.mod h1:gXAGppaPSFgj536cSkq1R8Ll882K/66/n2OfCKKH2Nw=
github.com/hbstack/header/modules/language-picker v0.1.10/go.mod h1:Mfa9vdrWU6dvTpgT8zbCuyNuEbmbv8U7w/K786SrXk0=
github.com/hbstack/header/modules/search v0.1.10 h1:fvaTovaf1Cx7XF42b+bv1dTGaDpLsP/EACQmz2TZILc=
github.com/hbstack/header/modules/search v0.1.10/go.mod h1:eeSZZJKlq9M5xzXidY1TAKFISPSvVgWowCTMoY/Cj/s=
github.com/hbstack/header/modules/search v0.1.11/go.mod h1:aIbHinH/W5tio9d7dGut5qIe2D6+hq20d3d/ySY0L4M=
github.com/hbstack/header/modules/search v0.1.13/go.mod h1:6HqHCnhXOAoOYo/SMB594CoDFo111t4snyHboLbE4OE=
github.com/hbstack/header/modules/search v0.1.15/go.mod h1:pEov0jTv7m/sIuPskdyKlFW3J20XW7Aaua7xImBitzU=
github.com/hbstack/header/modules/search v0.1.16/go.mod h1:ZPJGMESIC0ZsDW3+YH3wrHLKLkqFQWZeBwtID9w9Hpg=
github.com/hbstack/header/modules/search v0.1.17/go.mod h1:0yrYgQhscH8yYR4E2lc7rdEQUfVwAceHLIEvdUvxg0U=
github.com/hbstack/header/modules/search v0.1.18/go.mod h1:zHhvwD5gDrpCC5bosiKrReBq055xiWkmYw0bBTXAHDo=
github.com/hbstack/header/modules/search v0.1.19/go.mod h1:u/NaeNfAKX0nHZB32OcwLsUMeAht5mBStfqUaCknNyo=
github.com/hbstack/header/modules/socials v0.1.2 h1:l+uWiovYLc41efDFf0nMUegAiJa9JstUW2dnEYpMRbw=
github.com/hbstack/header/modules/socials v0.1.2/go.mod h1:upxii7TEX8dphHopQUJGk5KvAgfjGhccZUOhrVecAjg=
github.com/hbstack/header/modules/socials v0.1.3/go.mod h1:lYJh5U4HxuBAAujeCbTbPxHmwGo7poDMZVhu44CL89U=
github.com/hbstack/header/modules/socials v0.1.4/go.mod h1:n8izOgBpgMRHdaDOoibjM7DVkVwYfxpU6LL76w08cmI=
github.com/hbstack/header/modules/socials v0.1.6/go.mod h1:rkoeIpiyvTrmF/qgfhug/SRIVh3I3b9Cp4sqHB7Itrg=
github.com/hbstack/header/modules/socials v0.1.7/go.mod h1:63Zlq8aJbsBv1g5+/DQUM/seJPDxERVY2rot4tpI7ls=
github.com/hbstack/header/modules/socials v0.1.9/go.mod h1:cAHNlHbOsyiPGhx6pWVwWxOkBrEv66numZ2FC/tvz4Y=
github.com/hbstack/header/modules/socials v0.1.10/go.mod h1:XfR7YdC0xWLONW3JB6AKJlFneu0ACUVXGsyxnKABgKU=
github.com/hbstack/header/modules/socials v0.1.12/go.mod h1:ZsIpTMIbzZXgxTJcDFET1G1DRzIMfNet1FBDLKOPB78=
github.com/hbstack/header/modules/socials v0.1.13/go.mod h1:UHFg7sI/P29YYj1lv0z9iIHH+VbVT0HoF1YE5d8LEcs=
github.com/hbstack/header/modules/socials v0.1.14/go.mod h1:R8NOw+0rVLa5K7bncxFhzjUdxc5RYn5YZjjOrV89L18=
github.com/hbstack/header/modules/theme-toggle v0.1.2 h1:TFQq4p6+GQEpUA4FJr9occbihLA9i0rGxxvmdOVx5ao=
github.com/hbstack/header/modules/theme-toggle v0.1.2/go.mod h1:5dtE0u/QGl3DAqz+900KPfY6glyH8OEpKIy8Q7X9sa4=
github.com/hbstack/header/modules/theme-toggle v0.1.3/go.mod h1:wYgpqk7Wi80HsNTOn79GZjMbuG0Z03/+lf5sUzxB+tU=
github.com/hbstack/header/modules/theme-toggle v0.1.5/go.mod h1:k/cuCnNlBf+O/41QkAXLqj8EM1i+EmKzLZzamV9e45g=
github.com/hbstack/header/modules/theme-toggle v0.1.7/go.mod h1:e2hBCYFSrxT3Ds0PC6eX6lXtuDeULbP4xsekKkXKWJA=
github.com/hbstack/header/modules/theme-toggle v0.1.8/go.mod h1:cHK/758PF252579uSsOoScbiXJmGiFFaqgJQ0PwKSRU=
github.com/hbstack/header/modules/theme-toggle v0.1.9/go.mod h1:uF8+PZwzgfqEgl1uDrqs9Z72HE79QaPbXZj89dA3j8I=
github.com/hbstack/header/modules/theme-toggle v0.1.10/go.mod h1:pDDN8Xpi9vQGuVTksCJvUI9eeqpSITlOmzsrP5SlEPU=
github.com/hbstack/iframe v0.1.1 h1:npNgmbvZ5TtLE9kvv7xrILOZqLcUYJIq2I8CacW6Yeo=
github.com/hbstack/iframe v0.1.1/go.mod h1:W0qloZsLN8BCHObGrKHUOCK3LLCFN4x4PoA1u5WfW1s=
github.com/hbstack/mermaid v0.1.0 h1:T/3Az7xujbFmbC4r1tZGKTwt6GOcz/72yc2N9oFNU2I=
github.com/hbstack/mermaid v0.1.0/go.mod h1:dQAfzX1SA4b3k5ytA8WPR5luxjX4ii7EdtoRsr8WLNw=
github.com/hbstack/meta/blog v0.2.3 h1:E5wF1o1sKuaAYCp09WXRdpcyyvcYr1F31VLSMgY8sOc=
github.com/hbstack/meta/blog v0.2.3/go.mod h1:zaYYLTM3hSXeT/M88W89i1HBDkJLTH3cAFALA1DAV80=
github.com/hbstack/meta/blog v0.2.4/go.mod h1:dY6vgjYmkjcMOfbQxlPmTE0Kilf/9/EB33NejfZ7r9U=
github.com/hbstack/meta/blog v0.2.5/go.mod h1:C0ktddLJcixdIMC5NaGk4LKK5sHB5HH02shjtkv3Cvw=
github.com/hbstack/meta/content v0.4.3 h1:jFgHm24KnY6s8S2q8FNhW0Qt1F2JsXWQFsLhj9KBExU=
github.com/hbstack/meta/content v0.4.3/go.mod h1:tVPxlwydmqhT6dIhjvLB0E1/8ES2F62OWO1O6F4SAis=
github.com/hbstack/meta/content v0.4.4/go.mod h1:3bpUZ62pwPNjklm3Z0BKOyATbB5tEy1ZVVMQJG96MO4=
github.com/hbstack/meta/docs v0.2.3 h1:QlrhrbhTGTgmscGwxy3SsaZylJf54J39F3jGENOhc5A=
github.com/hbstack/meta/docs v0.2.3/go.mod h1:yO6MB5KQyK2qpj1RoCAyZVQcuEsjeoGmnD2/mDGx0gE=
github.com/hbstack/meta/docs v0.2.6/go.mod h1:gdUdbD9Wofma5TzUnxW/lUtSJZFH/Z1jK0Ig9CvGA5A=
github.com/hbstack/meta/docs v0.2.7/go.mod h1:KrDc3lHGwUGHQvwRQICnCSwPoxbUuzSaqEiKcrlWjbo=
github.com/hbstack/meta/footer v0.2.2 h1:5WepfmsLcXVsEouCGQh5dO4m//pfulMlItKonJ2qJSI=
github.com/hbstack/meta/footer v0.2.2/go.mod h1:QdvTIKj+8dZw9p/gaPis2GyQsubggmRWEEzN4HWB2zY=
github.com/hbstack/meta/footer v0.2.3/go.mod h1:ZQCwngu7ox/0g1xQUMa26faQYkwUqVzsmZDDkTEICvc=
github.com/hbstack/meta/footer v0.2.4/go.mod h1:9fH3M3f1f9t2EjLPcitmKZxXb4RifXfiAVxnxKEutic=
github.com/hbstack/meta/header v0.2.2 h1:htiicmWgDInZc3PeDfhfqcgjCu1se7omv9MYOTtpWig=
github.com/hbstack/meta/header v0.2.2/go.mod h1:kYYHd5izwemd1K4v6gFABkdJWiHtX24ZT6BJnPV3Woo=
github.com/hbstack/meta/header v0.2.3/go.mod h1:0c6VrR2+NPNur8juSV65iwLkaJ9q3scfDexIDjIvFOQ=
github.com/hbstack/meta/header v0.2.4/go.mod h1:oe5fpdTpm7rGTcKII3L4pYus30UPkeEpP4H5E7ZGIXk=
github.com/hbstack/meta/recommended v0.2.1 h1:MTP4lwNaxG+kLN+YKhvgWawZ0G3tjE14Nem5knthVGU=
github.com/hbstack/meta/recommended v0.2.1/go.mod h1:k63ESYvbfX1IiAKE5q0nDLlDnJj3dXTcDRChMmrYVu4=
github.com/hbstack/meta/recommended v0.2.2/go.mod h1:DSsJZY9UR+LrtsdG8pWZ6GZ4dFrh9uNfaUTBdsQYDJA=
github.com/hbstack/meta/recommended v0.2.3/go.mod h1:BMrAvoaRXym/gMl6f9ervMdQxairONEqXA6F+WvvX6o=
github.com/hbstack/meta/seo v0.2.0 h1:0xemjrVWwLmYjzKCAmo/6vxWEHACXimjT7vlFYXgmCM=
github.com/hbstack/meta/seo v0.2.0/go.mod h1:41BjjCbTMPJCmrepy5wXjwkV2QQxLyM8Q2kUrJpH/sM=
github.com/hbstack/meta/standard v0.2.1 h1:BOAleN8r9yFx1T708SJPLmZhXWrCNu/4+TuKICgRKJM=
github.com/hbstack/meta/standard v0.2.1/go.mod h1:uNuHiqPAmPQawWtldhBgY/UyjaQ+Z8cBHENuFADxa5M=
github.com/hbstack/meta/standard v0.2.2/go.mod h1:dssoTSoKpbymg+DWCpBLU5QuLl4vDiXGzoFBomC5UuU=
github.com/hbstack/meta/standard v0.2.3/go.mod h1:VgwEFyRSUCROCStIw66MLrW8fWQtrd6lpHbBRon9/+I=
github.com/hbstack/meta/standard v0.2.4/go.mod h1:wXmAFlzFoq+gTULVNFijJcUhQdmeNa0an+9F/NSZHsA=
github.com/hbstack/meta/standard v0.2.5/go.mod h1:OuUsOxphJpdYwDs2ECobf2jY/PrcsrpElYXojXci2Mc=
github.com/hbstack/noscript v0.2.0 h1:yAWYGD1stUicaKATrA9BnhQNjRZWgiFgP8Y7C44AqG0=
github.com/hbstack/noscript v0.2.0/go.mod h1:Lxh6eXJijehQw92g4g+2+fVEQgVqRJXi5xGri/y+Eyo=
github.com/hbstack/preferred-language v0.1.0 h1:xMEWRiJH1Df8cxbyI7Yd+ngjUzP4pTFpNgq8KCiFh9o=
github.com/hbstack/preferred-language v0.1.0/go.mod h1:8R/OGc11tafKXMZcv4wKxT33dDxo2lv0L3ZZeXPtSnM=
github.com/hbstack/progress-bar v0.1.0 h1:2ZiGS3RFZbZYBUbT2nFCoU9SJsbD9jtV4A7ab41B4jg=
github.com/hbstack/progress-bar v0.1.0/go.mod h1:JZt160XK62FxThzt+RmokjOww3De8ZL0ITcxMJLVE7g=
github.com/hbstack/pwa v0.1.2 h1:zJhLf5Uf+jO9aCBKvFcASlw7sULK2i0qUJZxscBo0HM=
github.com/hbstack/pwa v0.1.2/go.mod h1:8x01rczLrSw1aCWD+yrn6v5FRQPtaEh/PYCtFDICEWo=
github.com/hbstack/scrollbar v0.1.0 h1:uQMNbkWbLxnjQMiD3zdt33RG48sY2a0XWyGQkK2HsyY=
github.com/hbstack/scrollbar v0.1.0/go.mod h1:BEDha5gOjQfXBKZfwT+4vn8hCE88qElocjEI2SY1eAs=
github.com/hbstack/search v0.1.7 h1:5u1aCCAqtuh0vHENqGOvKsJ0q7il7kO2zYnBWjETAFw=
github.com/hbstack/search v0.1.7/go.mod h1:VLRF5mP2a1YBMH+o+0zEFEclb+NzKlpZmIfY+1aIGDM=
github.com/hbstack/syntax-highlighting v0.1.0 h1:WxdhNgCktllNKQDqu1BmLmg9dsi77/dXIlcdQ8KZZI0=
github.com/hbstack/syntax-highlighting v0.1.0/go.mod h1:6IoaM+tSIkKZblIrT1i5L3zVH68nt4UScU9JB30FQsc=
github.com/hbstack/syntax-highlighting/styles/gruvbox v0.1.0 h1:lGH8nqOU/+3yzHIk5s1nTrzHDImEnvLkr/0viuPfx3Y=
github.com/hbstack/syntax-highlighting/styles/gruvbox v0.1.0/go.mod h1:ar5ZFplNyVZCVG6rvo69co1hNZwptxtrDz3zproGLPg=
github.com/hbstack/toc-scrollspy v0.1.0 h1:sr9HidxHVYeSZR1FVOGQzphONSsct/OscbWPSV+vMlo=
github.com/hbstack/toc-scrollspy v0.1.0/go.mod h1:wIqdWFRjqGGKX6Y5XVRQzaBBeZ91kZBKgovQp8IPvtk=
github.com/hugomods/base v0.1.0 h1:3o9Y85BvXHjkYzZfswM/EtthQ8GOYKN8aXHkIWqu3/8=
github.com/hugomods/base v0.1.0/go.mod h1:hnWCPbVxuhXBwdFax3mmbMlWKmIo/7OP36MCLOyHtT4=
github.com/hugomods/bootstrap v0.6.2 h1:xV2jHrFBkWikA4A4HtWOaGWI418tFAXKzTO9PqMNn6s=
github.com/hugomods/bootstrap v0.6.2/go.mod h1:DJkTRVMzt0AttsbX5Z4nHmk28eRRJFGM66glsM6oxeA=
github.com/hugomods/bootstrap v0.7.1/go.mod h1:NVii94xgqDocyD0+aAWamBLPJjNspfMynEdmIOXO3Vs=
github.com/hugomods/bootstrap v0.7.2/go.mod h1:NVii94xgqDocyD0+aAWamBLPJjNspfMynEdmIOXO3Vs=
github.com/hugomods/bootstrap v0.8.0/go.mod h1:NVii94xgqDocyD0+aAWamBLPJjNspfMynEdmIOXO3Vs=
github.com/hugomods/bootstrap v0.8.1/go.mod h1:NVii94xgqDocyD0+aAWamBLPJjNspfMynEdmIOXO3Vs=
github.com/hugomods/bootstrap v0.9.0/go.mod h1:NVii94xgqDocyD0+aAWamBLPJjNspfMynEdmIOXO3Vs=
github.com/hugomods/fuse-js v0.1.0 h1:CmWHBZANvjOP44RDNQNLntqlLf9GLqeM29jekxTNcPE=
github.com/hugomods/fuse-js v0.1.0/go.mod h1:srCqvtBQR02HS/abTraDU4oINv1D3PljNPdexdoHhpo=
github.com/hugomods/giscus v0.1.0 h1:tIu1TzYByC/XlxxiBl9+CkQp9OeR4UhoZjbQSlcDt5E=
github.com/hugomods/giscus v0.1.0/go.mod h1:tCRkqNi/sMsLh3kjDesXZNzf4R/w+b5oc5boS/l8Jtw=
github.com/hugomods/google-adsense v0.1.0 h1:eykHVCF+JjJRpEQ/b+EkH9aQLQxIdGI8m06qsq1iybA=
github.com/hugomods/google-adsense v0.1.0/go.mod h1:zXQIuUr9pIqlNdCzOLY04Rx7oeUm5R+OhUmscNPiI0w=
github.com/hugomods/google-analytics v0.1.0 h1:lzYr1/WCSvd+tD2TKaVwhUvrZs9FvlDd0yCH7OvQAwE=
github.com/hugomods/google-analytics v0.1.0/go.mod h1:Q89C3HmPHn2m2VT1INfnLwkpDyyYRLRIPitLA/aFIy8=
github.com/hugomods/google-analytics v0.2.0/go.mod h1:Q89C3HmPHn2m2VT1INfnLwkpDyyYRLRIPitLA/aFIy8=
github.com/hugomods/gravatar v0.2.0 h1:642HNhGN7Mw7qefNcUFJKzLoT2zJKt4IQkrS53mIUfA=
github.com/hugomods/gravatar v0.2.0/go.mod h1:oATWuh5u2XUK/ZKzOD0VEP5I/TZfVZwplTyhT61Q4Fc=
github.com/hugomods/hugopress v0.2.0 h1:Y9emu6wDnPsr7Rk0VyxWi5KEWreaFxUxPFAeG6euFpk=
github.com/hugomods/hugopress v0.2.0/go.mod h1:CRYvr60xOkZOf4Atkuj+uEj2EH5pjJ39Ws3aJAkoMkA=
github.com/hugomods/hugopress v0.2.1/go.mod h1:CRYvr60xOkZOf4Atkuj+uEj2EH5pjJ39Ws3aJAkoMkA=
github.com/hugomods/icons v0.6.0 h1:G6RU93okhPPRDh/jqcew9gwkcYpSpg0rCBv4S6yUAFw=
github.com/hugomods/icons v0.6.0/go.mod h1:cIkSvK6W0q6N4U6n9KGz+QfRWQXAW0INd+1P31gPNGg=
github.com/hugomods/icons/vendors/font-awesome v0.6.0 h1:B5OwUkpVupNdtxyRlU+572HfCpvKhmIMX+8L49eTr3w=
github.com/hugomods/icons/vendors/font-awesome v0.6.0/go.mod h1:6e81kH7XzgVySHRQtc+cA4bSabpCuZHorQL8LPv7raE=
github.com/hugomods/icons/vendors/font-awesome v0.6.1/go.mod h1:kmMci4qX8yTQPT28sskzKRudJiQAAiZZugjNbkakRhk=
github.com/hugomods/icons/vendors/simple-icons v1.0.2 h1:ZeJhUAweQmS/YtRHoVlFhIlH0tqHjMsPEXKSenwPpUM=
github.com/hugomods/icons/vendors/simple-icons v1.0.2/go.mod h1:H/2FX6ppiVXZ0vZZGAsLWcKSXwWScWLj+jg/jJhOgKk=
github.com/hugomods/icons/vendors/simple-icons v1.0.3/go.mod h1:eIIxzyoFEBGa8FBHGN5EVzFPeMhfM9SKOWh03GAV8YQ=
github.com/hugomods/icons/vendors/simple-icons v1.0.4/go.mod h1:x+XHib1FAzV3VhJsbFLTp5QWIIwix2zIbFk9pbdtQic=
github.com/hugomods/icons/vendors/simple-icons v1.0.5/go.mod h1:/0ymjuFQC+F55KuogJdSN+lnOtPmAa9YGVBXhyMbD4I=
github.com/hugomods/icons/vendors/simple-icons v1.0.6/go.mod h1:+1Qnf9FmQIyDt/g+6K+HUOOsGy80jFJK+FrAUiIcEfI=
github.com/hugomods/icons/vendors/simple-icons v1.0.7/go.mod h1:gsIKzWh2wXyio1vxffn116X6pU1WU2uH8e5sYoPxgnI=
github.com/hugomods/icons/vendors/simple-icons v1.0.8/go.mod h1:eFPGdL9XRcNglAUvXIFfAhkFLRIs6Pe0nRpXGHqkXTY=
github.com/hugomods/icons/vendors/simple-icons v1.0.9/go.mod h1:N25uIaNZSI+V/7sIVzIiVYzLdLb8wLQdtU8+bDqAfFE=
github.com/hugomods/icons/vendors/simple-icons v1.0.10/go.mod h1:Q89vk6C3APCGLGitoKG4lcoZN/iCn5wVilAraxrxtFQ=
github.com/hugomods/images v0.5.1 h1:nu5Rn993nsyHUS4k0Y+347nbKv2QhMPVkSNMggztk9A=
github.com/hugomods/images v0.5.1/go.mod h1:U6Gwj16LKvk66rOMyGFrnF6f0aV8lT89lqOsckOAjYY=
github.com/hugomods/images v0.6.0/go.mod h1:U6Gwj16LKvk66rOMyGFrnF6f0aV8lT89lqOsckOAjYY=
github.com/hugomods/images v0.7.0/go.mod h1:U6Gwj16LKvk66rOMyGFrnF6f0aV8lT89lqOsckOAjYY=
github.com/hugomods/katex v0.2.0 h1:h5hG0vnyL6dMzNiLeNMXb+VPwseZXoTORjzV6e6YgJw=
github.com/hugomods/katex v0.2.0/go.mod h1:8wO7jRjPT+M6UeipsJ0Hpah4LjWU9P6V5CO0eEKvL8U=
github.com/hugomods/seo/modules/alternatives v0.1.0 h1:G5IjM7j7ExgXEMyxQj1Z/5JwwRW8DEmL0nDJYxA3NhE=
github.com/hugomods/seo/modules/alternatives v0.1.0/go.mod h1:ff9uz+f5yii9k2jbwt/HKM3RpLR3EYZrNQBAOabNxMA=
github.com/hugomods/seo/modules/favicons v0.2.0 h1:pzQMocbHHMNNiuE5vsCxE4qqaJBprYAUX4EOoiF+ynM=
github.com/hugomods/seo/modules/favicons v0.2.0/go.mod h1:xFDhrpWUZR4NMMVkilzT6xFBHiF5eyCQ8PlzOS2K9lY=
github.com/hugomods/seo/modules/open-graph v0.1.0 h1:Whveal1j1n2xZWcAlNAd2rdfKp7Fh5apol36wLGLb54=
github.com/hugomods/seo/modules/open-graph v0.1.0/go.mod h1:G7mXf7D1QtRN/i7A9v+cUF5P55H/QaxRqxJ8tp9fVq4=
github.com/hugomods/seo/modules/schema v0.1.1 h1:8IuJxCOxk9pfKpCFMik5fDCX7zaFwkGoeKacnYV0sgA=
github.com/hugomods/seo/modules/schema v0.1.1/go.mod h1:R6hRr2FIJITcMnFA/3V3dPAZgGQLNWGS7v1PLsmVRxU=
github.com/hugomods/seo/modules/translations v0.1.0 h1:wPDuPKGx/x+otHn2HfAankKCGQxSrC3gLHhRHpNjC18=
github.com/hugomods/seo/modules/translations v0.1.0/go.mod h1:yU2p2hk2dK86YNRU9zfoWRoCrYmrjEmf3oN7cCTbzcM=
github.com/hugomods/seo/modules/twitter-cards v0.1.0 h1:jH9WfmFZ3kCndUkATM/D/BYL+TQYoXA7/IxgQJbifKQ=
github.com/hugomods/seo/modules/twitter-cards v0.1.0/go.mod h1:QYs7SWbhXSQrsn/RHZSD7DwzaCHFpoLQdVPxEI3j63k=
github.com/hugomods/shortcodes v0.7.0 h1:MpPh1u6JWTNnJTLc8F1yWvvaZo+e4fsVYBu9iZiBOqo=
github.com/hugomods/shortcodes v0.7.0/go.mod h1:EnVopbZMNI/HeteM3Lp3phBTCRLvPSe7l142qhRFFPY=
github.com/hugomods/shortcodes v0.8.0/go.mod h1:EnVopbZMNI/HeteM3Lp3phBTCRLvPSe7l142qhRFFPY=
github.com/hugomods/shortcodes v0.9.0/go.mod h1:EnVopbZMNI/HeteM3Lp3phBTCRLvPSe7l142qhRFFPY=
github.com/hugomods/shortcodes v0.10.0/go.mod h1:EnVopbZMNI/HeteM3Lp3phBTCRLvPSe7l142qhRFFPY=
github.com/hugomods/snackbar v0.1.2 h1:SLpfH9jlYwf81epH7DvM2XTZHo+3fXXpk6XKtxmo964=
github.com/hugomods/snackbar v0.1.2/go.mod h1:ykFm0IFibeQPuPAm8Gaa27xJS/bNZcSez4omVSl2gQ0=
github.com/hugomods/workbox v0.1.0 h1:yxuTj3gT1BNf6OitxrjxSJXfmbFBj2UTwdWr142eYFQ=
github.com/hugomods/workbox v0.1.0/go.mod h1:RpFcIcltqYsiHWJV6PHPOdMagFZxO7nrO5XUpn/TMoc=
github.com/jakearchibald/idb v7.1.1+incompatible h1:/o1ng3qUjgMUeeKFim3J3tiQAitcVXU12pXIjSzwT/c=
github.com/jakearchibald/idb v7.1.1+incompatible/go.mod h1:AuDoW54s2DKfbclM+ScrnPp8ahUQ9rHph9bb8sZTEXc=
github.com/razonyang/hb-mod-thanks v0.3.0 h1:dV9ZsvXyhA+m1NHHY+Osycv3UqME2O5k997DndNOqF8=
github.com/razonyang/hb-mod-thanks v0.3.0/go.mod h1:DDIftBCERJx2T1v9VzgRyqLLPFrgw0Z22sPgaYLyOBY=
github.com/twbs/bootstrap v5.3.0+incompatible/go.mod h1:fZTSrkpSf0/HkL0IIJzvVspTt1r9zuf7XlZau8kpcY0=
github.com/twbs/icons v1.10.5 h1:F9uvW7cGfDBAautw5aeCmnB3hw4vv3aEQGbHnzcQKaE=
github.com/twbs/icons v1.10.5/go.mod h1:GnRlymgVWp5iVJCMa0Me5b6tFyGpVc2bSxPMRGIJmyA=
