github.com/gohugoio/hugo-mod-bootstrap-scss/v5 v5.20300.20000 h1:cQ8J2tkcrOgsF6TFTlfwOOtX2bgQzzPKhcRvHcUmUo0=
github.com/gohugoio/hugo-mod-bootstrap-scss/v5 v5.20300.20000/go.mod h1:6Fa+6zeMwAHMsYalEmIpC0QKs9UjlNtR8BLLMQXLqWQ=
github.com/gohugoio/hugo-mod-jslibs-dist/popperjs/v2 v2.21100.20000/go.mod h1:mFberT6ZtcchrsDtfvJM7aAH2bDKLdOnruUHl0hlapI=
github.com/hbstack/back-to-top v0.1.0 h1:mfmgGsE3MC/zp9z/4Gh84Hm6aBkz599Y7UXi6HFnbbE=
github.com/hbstack/back-to-top v0.1.0/go.mod h1:tizllOjHSs5xXgqN5IkHNQccyFaqzeMFj7i8JL2dneA=
github.com/hbstack/back-to-top v0.1.1/go.mod h1:nxpBIKKF+S6K16p2+aQ3vZ46DcKatEJRpoZIJUrElTg=
github.com/hbstack/base v0.1.1 h1:1ehqqiEVEWC2tFrj2M8NhynBTYxt2uiZrpydB3j/pgY=
github.com/hbstack/base v0.1.1/go.mod h1:7J9OWva2kKpSSLHmVCErdcu9x5rkM9Y9EXBdumon/0Q=
github.com/hbstack/base v0.1.3/go.mod h1:tein3kLAihnlcXe+xAprntZNjCvA/hRDkrxmZHOyelI=
github.com/hbstack/bigger-picture v0.1.0 h1:J82wCd22ZUSBLlBU94ZXf3qSaIfyxzHWE8Uo9cfwEjQ=
github.com/hbstack/bigger-picture v0.1.0/go.mod h1:xSAUzBZk67EskLpaStl0+00o4pwEJxXej6vABPYwj9U=
github.com/hbstack/blog v0.2.2 h1:JdCR0NtxqSBndMp5WdSMwbyOoOhWfXsmG2nw0efnB2w=
github.com/hbstack/blog v0.2.2/go.mod h1:SDrmLBG5u5F7SGv4j9i+8SNl7nbD6JBpsw7yfIBziUM=
github.com/hbstack/blog/modules/breadcrumb v0.1.0 h1:KpZfmX2XgLA51G3UNtUMDvdJ+FTvVfWvEEjn8LUKe1E=
github.com/hbstack/blog/modules/breadcrumb v0.1.0/go.mod h1:fzVk6rVNKJIUYjIO9rzMl0daHEueSBXZyDBn7kuSLdY=
github.com/hbstack/blog/modules/breadcrumb v0.1.2/go.mod h1:dO1yAUWsIFGH3KnIcI3CgV/7/udTLUNjKeEsLPre5gs=
github.com/hbstack/blog/modules/featured-image v0.1.1 h1:bSzEhTPqBWJ7q2c1KcZiq3Z69rMFxcjn2cdStNGGFFE=
github.com/hbstack/blog/modules/featured-image v0.1.1/go.mod h1:pwpibd3sitLutMa3qpDehw7NdHBACtF4FijSY6AGMf4=
github.com/hbstack/blog/modules/giscus v0.1.1 h1:jVAMKXs+hHePmjVfgQazgfzDmMnZTMcP39UfoHktFu8=
github.com/hbstack/blog/modules/giscus v0.1.1/go.mod h1:a3Ed4PlU3hCGRYBTAdPnSPNSMXHh6o2pIYpiJQTn8O8=
github.com/hbstack/blog/modules/heading-sign v0.1.1 h1:MYtmEdL2scb/5fI5agxc2R9CTT8ajEszeYnESDHqfi0=
github.com/hbstack/blog/modules/heading-sign v0.1.1/go.mod h1:9La4Igepf9+jhp2MLYpDEPqMvBcAdeigfZQKzDwH0u4=
github.com/hbstack/blog/modules/post-nav v0.1.0 h1:9DW2oc130aHhokd7w0XymPULhPDxEoRQXy9z1bH2CKM=
github.com/hbstack/blog/modules/post-nav v0.1.0/go.mod h1:rYAONVlwMBGffuViY6SGQygxaIn3ZUDXjIcMSkhD424=
github.com/hbstack/blog/modules/post-nav v0.1.1/go.mod h1:8Ka/c2n9mxeP27B1jYHDGi2fY+LO5NszWvkiAg1RioU=
github.com/hbstack/blog/modules/related-posts v0.1.1 h1:jVD0DZIcLLCF0ngeej7O6fZsvlHKF2zQXlSP9EmU9HQ=
github.com/hbstack/blog/modules/related-posts v0.1.1/go.mod h1:kxIQpp6L4zXfOxkAFef1gcpskKZ502SRoc/JCDHelgQ=
github.com/hbstack/bootstrap v0.1.0 h1:uVImHHlYBQxT4s7h1/eoBo3+giHibD5cjLIcTr1crUo=
github.com/hbstack/bootstrap v0.1.0/go.mod h1:kDqFnq9mjIR85Eq5sV9E5TLLR8wdXZn7jjnrE8WL0sw=
github.com/hbstack/bootstrap v0.1.1/go.mod h1:MNYxfc/GWGYGRvGsSJwUs/jzD8vcIjB9RvwN+pPoRH4=
github.com/hbstack/carousel v0.1.4 h1:MJ9GY6dgphdSP7E/yYD5h83n9W2EorySqAKWxTHJN7M=
github.com/hbstack/carousel v0.1.4/go.mod h1:PkmHk1S3zSmJZMgQmP7Wq+DW0kbFgTTjMmDg3nQH/yc=
github.com/hbstack/code-block-panel v0.1.0 h1:nD84TnRIYgCK03COeZsFTAluHx0WvF2cP2he7Da9cUk=
github.com/hbstack/code-block-panel v0.1.0/go.mod h1:q+IPDYgXNArqkrnUSV0UptW+QlPUSap1YbcQ699Qk+U=
github.com/hbstack/docs v0.1.1 h1:+d8rsvrDNbM83Qyo3Yc3q6ClLiLlWqgpJ1xzns2v39E=
github.com/hbstack/docs v0.1.1/go.mod h1:CNg6F64itcStGejgHhnQdiVIfmOfDJHpBatm3WzB2jE=
github.com/hbstack/docs/modules/breadcrumb v0.1.0 h1:HM+TZHJsGfE7MbKCwU/DH0B+fbkLlGOkSTIDfLp9WbA=
github.com/hbstack/docs/modules/breadcrumb v0.1.0/go.mod h1:0RBbhIPt0VevIOddEU3yRG5IrE99e5i3jLh1oNUbCO4=
github.com/hbstack/docs/modules/doc-nav v0.1.1 h1:s3Tzzj1cMJapqczKMBMXhzsFoMO/Ja3OEySuE7mb6Ps=
github.com/hbstack/docs/modules/doc-nav v0.1.1/go.mod h1:+MrRy7QqMcKsCQe5Dvjpzb2c8iItA+R2DpsuurxbaAk=
github.com/hbstack/docs/modules/featured-image v0.1.1 h1:7HmTVQWFYVLfuvjy3pKuX8r1npa3tdL95Huft1sYhMM=
github.com/hbstack/docs/modules/featured-image v0.1.1/go.mod h1:SI77VRnWw+9ckeLYtccNE0rGf2qUlK2pbRkDFWfVm3Y=
github.com/hbstack/docs/modules/giscus v0.1.1 h1:1rS0Mzj4e9ZBnusrKXw3yBX37+90v1kvVPwRACK5oCg=
github.com/hbstack/docs/modules/giscus v0.1.1/go.mod h1:kaB5U3lahY7RUndb58uw98oXxVtMw2ZsjnBOSGkiyAE=
github.com/hbstack/docs/modules/heading-sign v0.1.0 h1:EQphg7+iy0NJ4kc3KzTD1kvTnrgMz9IilaUs/FsI45w=
github.com/hbstack/docs/modules/heading-sign v0.1.0/go.mod h1:qO8gh643S5dSPLuFxzYindETBuX6vt/eK3TnHg8+6Wk=
github.com/hbstack/docs/modules/heading-sign v0.1.1/go.mod h1:wgRW6JQTBJQXsq0YWg9+GYTptivcWfwjf9txK5WSkqc=
github.com/hbstack/footer v0.1.1 h1:ALO6hub16fiPTWeP/OzkR7D1zrIkuFwjVWiyCHaBbFA=
github.com/hbstack/footer/modules/socials v0.1.1 h1:DYXIePcWaU6QdPRp28HSKLQKS65Bd05Kc0BXsRt77QY=
github.com/hbstack/footer/modules/socials v0.1.1/go.mod h1:CMWFFKQqoCGji8IPWZGt9zezRecvubfWVC4Y97DVsQM=
github.com/hbstack/header v0.1.5 h1:ojdlCfqWM2/uaNJ9WlVHmVmYJYmWf1yVCoFig1WvqZU=
github.com/hbstack/header v0.1.5/go.mod h1:fHUeyEtniqtZTHPoHpwh9vjOJHIT2HWv2zzCjy1LEC0=
github.com/hbstack/header v0.1.6/go.mod h1:fHUeyEtniqtZTHPoHpwh9vjOJHIT2HWv2zzCjy1LEC0=
github.com/hbstack/header/modules/language-picker v0.1.1 h1:Q+rtFGnt/QEromR1cNlmDmxYr/iaVaVxBMzIH+q9a1Q=
github.com/hbstack/header/modules/language-picker v0.1.1/go.mod h1:gMfppUtgfFMg0Qm/C9971mvS+LS3AqarohRmDgFZ3Ow=
github.com/hbstack/header/modules/search v0.1.1 h1:WnbtrF3BKu3eYB2Daw489djhSA/9ZTC9kATHa6n8AY4=
github.com/hbstack/header/modules/search v0.1.1/go.mod h1:B4We1XWeRKqcgl1KbEy2JAtThm8n3SBUk/6ZXQrBlMk=
github.com/hbstack/header/modules/socials v0.1.1 h1:I40kDx7sa7BmjBjeCesz3AHDG5UULTOUfFEhOy+92So=
github.com/hbstack/header/modules/socials v0.1.1/go.mod h1:FggNPqINvsrFALKr9N7kAeiBSOOBBWlKC3sV+5R0vbU=
github.com/hbstack/header/modules/theme-toggle v0.1.0 h1:z7xPtuCXvA6z5bLrUlWKC0gQfPIi5djpecnkbhCe7H4=
github.com/hbstack/header/modules/theme-toggle v0.1.0/go.mod h1:fy47P45Urpxae0J2m7dYyGKvgG503uUxsRONcIRPhc8=
github.com/hbstack/header/modules/theme-toggle v0.1.1/go.mod h1:Rc0Exf502x9adQI4vwi1I9XWRM1MPo0/OZYEpC5zhSU=
github.com/hbstack/mermaid v0.1.0 h1:T/3Az7xujbFmbC4r1tZGKTwt6GOcz/72yc2N9oFNU2I=
github.com/hbstack/mermaid v0.1.0/go.mod h1:dQAfzX1SA4b3k5ytA8WPR5luxjX4ii7EdtoRsr8WLNw=
github.com/hbstack/meta/blog v0.1.0 h1:HUOwI4nOjBxhf1S5OqP65j73U6DhfbpxbfuUADhgdaM=
github.com/hbstack/meta/blog v0.1.0/go.mod h1:EHTCLJNTWIO7Ggy/GS5bo+QUFFxG37bkMIJ570DrSTM=
github.com/hbstack/meta/content v0.1.0 h1:EkJQSLOoj5J+rDOkmQc7rHpxW+lLDuphi5uhBUa6jy4=
github.com/hbstack/meta/content v0.1.0/go.mod h1:RExOY1AKdiMVJzJYMUKeWCJP7cDkdkRw+Z3fpoU8HIs=
github.com/hbstack/meta/docs v0.1.0 h1:oNUoH1Jj1wgnaV+DqcM1u75AdBrhpSs4xyo0hv2l4eo=
github.com/hbstack/meta/docs v0.1.0/go.mod h1:5DeZa6rrC35u7/oLiqJ/0XyA6jWEJiGgPAMWbKF66I4=
github.com/hbstack/meta/footer v0.1.0 h1:+FFpXD1rV7psayOppKPy1K34A/xFUz+wGmpbuK+5MQE=
github.com/hbstack/meta/footer v0.1.0/go.mod h1:OTgtFpqTv4+8M4WBxR0Q+eUjUJRM3lpapM3V4hkTVGE=
github.com/hbstack/meta/header v0.1.0 h1:+abJi934Iq4INS43g1ZSAQawObulRmDaL7p8CPq+n0I=
github.com/hbstack/meta/header v0.1.0/go.mod h1:LxeLIEGtkkKX8NiOBcUG9GDOl2e0he+scJ9gZ7i/jWQ=
github.com/hbstack/meta/recommended v0.1.0 h1:bYk3oSaybZZ9X/mXIyJtJdk3cgT1xJ+iYidjaUNrbTs=
github.com/hbstack/meta/recommended v0.1.0/go.mod h1:VuiKvTQ/MDjwk7Cmp3jvRdcvYLHj1szuUVLyiE38k8A=
github.com/hbstack/meta/seo v0.1.0 h1:Lrz3r0f6vzvB6iSV20bWN0t3UgURCe9VjwyVJmwdbjQ=
github.com/hbstack/meta/seo v0.1.0/go.mod h1:+r3dTUVm74qK/GcvZJz3MyjnKdvffzOKwec971yww0o=
github.com/hbstack/meta/standard v0.1.0 h1:gBCnFhAwHnPCYzHqPaO9eiR303kBcjneG80+toheW1c=
github.com/hbstack/meta/standard v0.1.0/go.mod h1:OUHwSWGcNXzycqLpHM887ZIfrhaMkr4YNIplfCAI9Q8=
github.com/hbstack/noscript v0.1.0 h1:46Cz17U6X3gAi3dWvMUCOa2fjROEalx1TJjmsGbsEw8=
github.com/hbstack/noscript v0.1.0/go.mod h1:uo4YROmLdBQrT9ZgH7jsPW5Bt6pj1+cMGdQFCs5Ms1s=
github.com/hbstack/progress-bar v0.1.0 h1:2ZiGS3RFZbZYBUbT2nFCoU9SJsbD9jtV4A7ab41B4jg=
github.com/hbstack/progress-bar v0.1.0/go.mod h1:JZt160XK62FxThzt+RmokjOww3De8ZL0ITcxMJLVE7g=
github.com/hbstack/pwa v0.1.0 h1:MFuFpVgAU3Ty0Goil7IaDlpqGxK7e2HRrHHXMxZmUQw=
github.com/hbstack/pwa v0.1.0/go.mod h1:HJ9xPY1exZAQIcMuo4p7lUMf/NEU7fqX9tvjxGdOF8c=
github.com/hbstack/pwa v0.1.1/go.mod h1:85GvogSkf1UvMoLirqwY9lTyv+sxNp0MhTW05l6Cll0=
github.com/hbstack/scrollbar v0.1.0 h1:uQMNbkWbLxnjQMiD3zdt33RG48sY2a0XWyGQkK2HsyY=
github.com/hbstack/scrollbar v0.1.0/go.mod h1:BEDha5gOjQfXBKZfwT+4vn8hCE88qElocjEI2SY1eAs=
github.com/hbstack/syntax-highlighting v0.1.0 h1:WxdhNgCktllNKQDqu1BmLmg9dsi77/dXIlcdQ8KZZI0=
github.com/hbstack/syntax-highlighting v0.1.0/go.mod h1:6IoaM+tSIkKZblIrT1i5L3zVH68nt4UScU9JB30FQsc=
github.com/hbstack/syntax-highlighting/styles/gruvbox v0.1.0 h1:lGH8nqOU/+3yzHIk5s1nTrzHDImEnvLkr/0viuPfx3Y=
github.com/hbstack/syntax-highlighting/styles/gruvbox v0.1.0/go.mod h1:ar5ZFplNyVZCVG6rvo69co1hNZwptxtrDz3zproGLPg=
github.com/hugomods/base v0.1.0 h1:3o9Y85BvXHjkYzZfswM/EtthQ8GOYKN8aXHkIWqu3/8=
github.com/hugomods/base v0.1.0/go.mod h1:hnWCPbVxuhXBwdFax3mmbMlWKmIo/7OP36MCLOyHtT4=
github.com/hugomods/fuse-js v0.1.0 h1:CmWHBZANvjOP44RDNQNLntqlLf9GLqeM29jekxTNcPE=
github.com/hugomods/fuse-js v0.1.0/go.mod h1:srCqvtBQR02HS/abTraDU4oINv1D3PljNPdexdoHhpo=
github.com/hugomods/giscus v0.1.0 h1:tIu1TzYByC/XlxxiBl9+CkQp9OeR4UhoZjbQSlcDt5E=
github.com/hugomods/giscus v0.1.0/go.mod h1:tCRkqNi/sMsLh3kjDesXZNzf4R/w+b5oc5boS/l8Jtw=
github.com/hugomods/gravatar v0.1.0 h1:wggcqWDeLVXbvechNuehMpTf1NL8yDZUhWEmQxH8NzA=
github.com/hugomods/gravatar v0.1.0/go.mod h1:oATWuh5u2XUK/ZKzOD0VEP5I/TZfVZwplTyhT61Q4Fc=
github.com/hugomods/hugopress v0.1.0 h1:qktwbSWtbrEz/nX2wBmxDLzzS4o6/rjp7p0GWcOZ+PU=
github.com/hugomods/hugopress v0.1.0/go.mod h1:CRYvr60xOkZOf4Atkuj+uEj2EH5pjJ39Ws3aJAkoMkA=
github.com/hugomods/icons v0.6.0 h1:G6RU93okhPPRDh/jqcew9gwkcYpSpg0rCBv4S6yUAFw=
github.com/hugomods/icons v0.6.0/go.mod h1:cIkSvK6W0q6N4U6n9KGz+QfRWQXAW0INd+1P31gPNGg=
github.com/hugomods/icons/vendors/font-awesome v0.5.0 h1:gKKmfiaWea9grlSCrRamqekGjcOAHWXXtCiIIKtRiVk=
github.com/hugomods/icons/vendors/font-awesome v0.5.0/go.mod h1:kqg1ziaF9LUH3Be8rhLuyTPMC07RVqjX7PWP4gVVRLQ=
github.com/hugomods/icons/vendors/simple-icons v0.7.0 h1:Fx9BtbTP+/DU52bclpdgLYr1FMr9sA1WPoRw0KqsTOA=
github.com/hugomods/icons/vendors/simple-icons v0.7.0/go.mod h1:uD4A9Oc+B9L4i2kJ20N++lkXASzA9ccrJMC/Hj/JxBo=
github.com/hugomods/images v0.1.0 h1:MwXzK6j7xMCQwlHhmKGg3ewT3+Roaan+TO5wteYKpFI=
github.com/hugomods/images v0.1.0/go.mod h1:U6Gwj16LKvk66rOMyGFrnF6f0aV8lT89lqOsckOAjYY=
github.com/hugomods/images v0.1.1/go.mod h1:U6Gwj16LKvk66rOMyGFrnF6f0aV8lT89lqOsckOAjYY=
github.com/hugomods/seo/modules/alternatives v0.1.0 h1:G5IjM7j7ExgXEMyxQj1Z/5JwwRW8DEmL0nDJYxA3NhE=
github.com/hugomods/seo/modules/alternatives v0.1.0/go.mod h1:ff9uz+f5yii9k2jbwt/HKM3RpLR3EYZrNQBAOabNxMA=
github.com/hugomods/seo/modules/favicons v0.1.0 h1:3uzqOfzgBFdvGr8a7mh+yv03oXuxzXnHh+cWGJ4gCOQ=
github.com/hugomods/seo/modules/favicons v0.1.0/go.mod h1:xFDhrpWUZR4NMMVkilzT6xFBHiF5eyCQ8PlzOS2K9lY=
github.com/hugomods/seo/modules/open-graph v0.1.0 h1:Whveal1j1n2xZWcAlNAd2rdfKp7Fh5apol36wLGLb54=
github.com/hugomods/seo/modules/open-graph v0.1.0/go.mod h1:G7mXf7D1QtRN/i7A9v+cUF5P55H/QaxRqxJ8tp9fVq4=
github.com/hugomods/seo/modules/schema v0.1.0 h1:vbkJn+2VIgqF7Y49xn3mFqZVbum+4zqNP+vnDEdwYL0=
github.com/hugomods/seo/modules/schema v0.1.0/go.mod h1:R6hRr2FIJITcMnFA/3V3dPAZgGQLNWGS7v1PLsmVRxU=
github.com/hugomods/seo/modules/translations v0.1.0 h1:wPDuPKGx/x+otHn2HfAankKCGQxSrC3gLHhRHpNjC18=
github.com/hugomods/seo/modules/translations v0.1.0/go.mod h1:yU2p2hk2dK86YNRU9zfoWRoCrYmrjEmf3oN7cCTbzcM=
github.com/hugomods/seo/modules/twitter-cards v0.1.0 h1:jH9WfmFZ3kCndUkATM/D/BYL+TQYoXA7/IxgQJbifKQ=
github.com/hugomods/seo/modules/twitter-cards v0.1.0/go.mod h1:QYs7SWbhXSQrsn/RHZSD7DwzaCHFpoLQdVPxEI3j63k=
github.com/hugomods/snackbar v0.1.1 h1:tw5RFmNL7Wc0YGkoMFAevJIZDCmVFwrMpQ4dPSF3BWQ=
github.com/hugomods/snackbar v0.1.1/go.mod h1:ykFm0IFibeQPuPAm8Gaa27xJS/bNZcSez4omVSl2gQ0=
github.com/hugomods/workbox v0.1.0 h1:yxuTj3gT1BNf6OitxrjxSJXfmbFBj2UTwdWr142eYFQ=
github.com/hugomods/workbox v0.1.0/go.mod h1:RpFcIcltqYsiHWJV6PHPOdMagFZxO7nrO5XUpn/TMoc=
github.com/jakearchibald/idb v7.1.1+incompatible h1:/o1ng3qUjgMUeeKFim3J3tiQAitcVXU12pXIjSzwT/c=
github.com/jakearchibald/idb v7.1.1+incompatible/go.mod h1:AuDoW54s2DKfbclM+ScrnPp8ahUQ9rHph9bb8sZTEXc=
github.com/twbs/bootstrap v5.3.0-alpha1+incompatible/go.mod h1:fZTSrkpSf0/HkL0IIJzvVspTt1r9zuf7XlZau8kpcY0=
github.com/twbs/icons v1.10.3 h1:8i0wcDkk04KXd2ofLtMHUERkA5OkrpAzDyBVv/PJaL0=
github.com/twbs/icons v1.10.3/go.mod h1:GnRlymgVWp5iVJCMa0Me5b6tFyGpVc2bSxPMRGIJmyA=
